# THIS IS AN AUTOGENERATED FILE. DO NOT EDIT THIS FILE DIRECTLY.
# yarn lockfile v1


"@babel/runtime@^7.16.3", "@babel/runtime@^7.16.5":
  "integrity" "sha512-9E9FJowqAsytyOY6LG+1KuueckRL+aQW+mKvXRXnuFGyRAyepJPmEo9vgMfXUA6O9u3IeEdv9MAkppFcaQwogQ=="
  "resolved" "https://registry.npmjs.org/@babel/runtime/-/runtime-7.16.7.tgz"
  "version" "7.16.7"
  dependencies:
    "regenerator-runtime" "^0.13.4"

"@chainsafe/filecoindot-types@0.1.0":
  "integrity" "sha512-j3PvwA1FD0AcXseHl37zE2NL/1wjQM3oQtLno11J3ZDcpKGvldPa6ppHSMHnn8opESKngLomk6exzIlXQYnWFQ=="
  "resolved" "https://registry.npmjs.org/@chainsafe/filecoindot-types/-/filecoindot-types-0.1.0.tgz"
  "version" "0.1.0"

"@chainsafe/filecoindot-types@file:/home/clearloop/filecoindot/js/types":
  "resolved" "file:types"
  "version" "0.1.12"

"@cspotcode/source-map-consumer@0.8.0":
  "integrity" "sha1-M79LeznBeIIWBvZpu8RHpqYpeGs="
  "resolved" "https://registry.npmmirror.com/@cspotcode/source-map-consumer/download/@cspotcode/source-map-consumer-0.8.0.tgz"
  "version" "0.8.0"

"@cspotcode/source-map-support@0.7.0":
  "integrity" "sha1-R4mECqhZ5G0vMXNyercHxmvzRPU="
  "resolved" "https://registry.npmmirror.com/@cspotcode/source-map-support/download/@cspotcode/source-map-support-0.7.0.tgz"
  "version" "0.7.0"
  dependencies:
    "@cspotcode/source-map-consumer" "0.8.0"

"@filecoindot/e2e@file:/home/clearloop/filecoindot/js/e2e":
  "resolved" "file:e2e"
  "version" "0.1.0"
  dependencies:
    "@chainsafe/filecoindot-types" "0.1.0"
    "@polkadot/api" "^6.9.2"
    "@polkadot/keyring" "^8.2.2"
    "@polkadot/types" "^6.9.2"
    "@polkadot/util" "^8.2.2"
    "find-up" "^5.0.0"

"@noble/hashes@^0.4.5":
  "integrity" "sha512-oK/2b9gHb1CfiFwpPHQs010WgROn4ioilT7TFwxMVwuDaXEJP3QPhyedYbOpgM4JDBgT9n5gaispBQlkaAgT6g=="
  "resolved" "https://registry.npmjs.org/@noble/hashes/-/hashes-0.4.5.tgz"
  "version" "0.4.5"

"@noble/secp256k1@^1.3.4":
  "integrity" "sha512-cYpUbQ2uitPgf5QuQnpi8Nu+ZmQjSDunFKw6vvxaOSkbMUhCf4K723WLUuuK1K/sf6H/dvqKbmEAeop5i3qTJg=="
  "resolved" "https://registry.npmjs.org/@noble/secp256k1/-/secp256k1-1.4.0.tgz"
  "version" "1.4.0"

"@polkadot/api-derive@6.9.2":
  "version" "6.9.2"
  dependencies:
    "@babel/runtime" "^7.16.3"
    "@polkadot/api" "6.9.2"
    "@polkadot/rpc-core" "6.9.2"
    "@polkadot/types" "6.9.2"
    "@polkadot/util" "^7.9.2"
    "@polkadot/util-crypto" "^7.9.2"
    "rxjs" "^7.4.0"

"@polkadot/api@^6.9.2", "@polkadot/api@6.9.2":
  "version" "6.9.2"
  dependencies:
    "@babel/runtime" "^7.16.3"
    "@polkadot/api-derive" "6.9.2"
    "@polkadot/keyring" "^7.9.2"
    "@polkadot/rpc-core" "6.9.2"
    "@polkadot/rpc-provider" "6.9.2"
    "@polkadot/types" "6.9.2"
    "@polkadot/types-known" "6.9.2"
    "@polkadot/util" "^7.9.2"
    "@polkadot/util-crypto" "^7.9.2"
    "eventemitter3" "^4.0.7"
    "rxjs" "^7.4.0"

"@polkadot/keyring@^7.9.2":
  "integrity" "sha512-6UGoIxhiTyISkYEZhUbCPpgVxaneIfb/DBVlHtbvaABc8Mqh1KuqcTIq19Mh9wXlBuijl25rw4lUASrE/9sBqg=="
  "resolved" "https://registry.npmmirror.com/@polkadot/keyring/download/@polkadot/keyring-7.9.2.tgz"
  "version" "7.9.2"
  dependencies:
    "@babel/runtime" "^7.16.3"
    "@polkadot/util" "7.9.2"
    "@polkadot/util-crypto" "7.9.2"

"@polkadot/keyring@^8.2.2":
  "integrity" "sha512-GK8puQVtQJ67sVyq0WIWHPeRXfIcqz2ztgRHnGP4JEptS9NSFByQNq1EEpQnEUZwXu9CQfHz90eiLZc1BpC8lQ=="
  "resolved" "https://registry.npmjs.org/@polkadot/keyring/-/keyring-8.2.2.tgz"
  "version" "8.2.2"
  dependencies:
    "@babel/runtime" "^7.16.5"
    "@polkadot/util" "8.2.2"
    "@polkadot/util-crypto" "8.2.2"

"@polkadot/networks@^7.9.2", "@polkadot/networks@7.9.2":
  "integrity" "sha512-4obI1RdW5/7TFwbwKA9oqw8aggVZ65JAUvIFMd2YmMC2T4+NiZLnok0WhRkhZkUnqjLIHXYNwq7Ho1i39dte0g=="
  "resolved" "https://registry.npmmirror.com/@polkadot/networks/download/@polkadot/networks-7.9.2.tgz"
  "version" "7.9.2"
  dependencies:
    "@babel/runtime" "^7.16.3"

"@polkadot/networks@8.2.2":
  "integrity" "sha512-PshHrf5wBXib63l03YISnHMf5/fS1/Jv2rEN58EgYy9VK87HBXjT7qQ1Ea/d1cFI2EmfEDvhFsP+u3i6AlejQQ=="
  "resolved" "https://registry.npmjs.org/@polkadot/networks/-/networks-8.2.2.tgz"
  "version" "8.2.2"
  dependencies:
    "@babel/runtime" "^7.16.5"

"@polkadot/rpc-core@6.9.2":
  "version" "6.9.2"
  dependencies:
    "@babel/runtime" "^7.16.3"
    "@polkadot/rpc-provider" "6.9.2"
    "@polkadot/types" "6.9.2"
    "@polkadot/util" "^7.9.2"
    "rxjs" "^7.4.0"

"@polkadot/rpc-provider@6.9.2":
  "version" "6.9.2"
  dependencies:
    "@babel/runtime" "^7.16.3"
    "@polkadot/types" "6.9.2"
    "@polkadot/util" "^7.9.2"
    "@polkadot/util-crypto" "^7.9.2"
    "@polkadot/x-fetch" "^7.9.2"
    "@polkadot/x-global" "^7.9.2"
    "@polkadot/x-ws" "^7.9.2"
    "eventemitter3" "^4.0.7"

"@polkadot/types-known@6.9.2":
  "version" "6.9.2"
  dependencies:
    "@babel/runtime" "^7.16.3"
    "@polkadot/networks" "^7.9.2"
    "@polkadot/types" "6.9.2"
    "@polkadot/util" "^7.9.2"

"@polkadot/types@^6.9.2", "@polkadot/types@6.9.2":
  "version" "6.9.2"
  dependencies:
    "@babel/runtime" "^7.16.3"
    "@polkadot/util" "^7.9.2"
    "@polkadot/util-crypto" "^7.9.2"
    "rxjs" "^7.4.0"

"@polkadot/util-crypto@^7.9.2", "@polkadot/util-crypto@7.9.2":
  "integrity" "sha512-nNwqUwP44eCH9jKKcPie+IHLKkg9LMe6H7hXo91hy3AtoslnNrT51tP3uAm5yllhLvswJfnAgnlHq7ybCgqeFw=="
  "resolved" "https://registry.npmmirror.com/@polkadot/util-crypto/download/@polkadot/util-crypto-7.9.2.tgz"
  "version" "7.9.2"
  dependencies:
    "@babel/runtime" "^7.16.3"
    "@polkadot/networks" "7.9.2"
    "@polkadot/util" "7.9.2"
    "@polkadot/wasm-crypto" "^4.4.1"
    "@polkadot/x-randomvalues" "7.9.2"
    "blakejs" "^1.1.1"
    "bn.js" "^4.12.0"
    "create-hash" "^1.2.0"
    "ed2curve" "^0.3.0"
    "elliptic" "^6.5.4"
    "hash.js" "^1.1.7"
    "js-sha3" "^0.8.0"
    "micro-base" "^0.9.0"
    "scryptsy" "^2.1.0"
    "tweetnacl" "^1.0.3"
    "xxhashjs" "^0.2.2"

"@polkadot/util-crypto@8.2.2":
  "integrity" "sha512-bKFE6j1q2Dnz1o1QFvhX2QzkMLi9QHU4a5T7+El5J7OsOxGqssMAVHAmB+YoAuSLqPSQBmZa9CN23IiuJnfsbw=="
  "resolved" "https://registry.npmjs.org/@polkadot/util-crypto/-/util-crypto-8.2.2.tgz"
  "version" "8.2.2"
  dependencies:
    "@babel/runtime" "^7.16.5"
    "@noble/hashes" "^0.4.5"
    "@noble/secp256k1" "^1.3.4"
    "@polkadot/networks" "8.2.2"
    "@polkadot/util" "8.2.2"
    "@polkadot/wasm-crypto" "^4.5.1"
    "@polkadot/x-bigint" "8.2.2"
    "@polkadot/x-randomvalues" "8.2.2"
    "ed2curve" "^0.3.0"
    "micro-base" "^0.10.0"
    "tweetnacl" "^1.0.3"

"@polkadot/util@*", "@polkadot/util@^7.9.2", "@polkadot/util@7.9.2":
  "integrity" "sha512-6ABY6ErgkCsM4C6+X+AJSY4pBGwbKlHZmUtHftaiTvbaj4XuA4nTo3GU28jw8wY0Jh2cJZJvt6/BJ5GVkm5tBA=="
  "resolved" "https://registry.npmmirror.com/@polkadot/util/download/@polkadot/util-7.9.2.tgz"
  "version" "7.9.2"
  dependencies:
    "@babel/runtime" "^7.16.3"
    "@polkadot/x-textdecoder" "7.9.2"
    "@polkadot/x-textencoder" "7.9.2"
    "@types/bn.js" "^4.11.6"
    "bn.js" "^4.12.0"
    "camelcase" "^6.2.1"
    "ip-regex" "^4.3.0"

"@polkadot/util@^8.2.2", "@polkadot/util@8.2.2":
  "integrity" "sha512-tiHe0rcQvofd3vUVCRmvfULAv9yBG7s/huv1ZLVY/JGT1JBDonc1HWU3Vdb5MvWpx2R+HHv19ORHyD/LiROE9A=="
  "resolved" "https://registry.npmjs.org/@polkadot/util/-/util-8.2.2.tgz"
  "version" "8.2.2"
  dependencies:
    "@babel/runtime" "^7.16.5"
    "@polkadot/x-bigint" "8.2.2"
    "@polkadot/x-global" "8.2.2"
    "@polkadot/x-textdecoder" "8.2.2"
    "@polkadot/x-textencoder" "8.2.2"
    "@types/bn.js" "^4.11.6"
    "bn.js" "^4.12.0"
    "ip-regex" "^4.3.0"

"@polkadot/wasm-crypto-asmjs@^4.5.1":
  "integrity" "sha512-DOdRiWhxVvmqTvp+E9z1j+Yr0zDOGsDvqnT/eNw0Dl1FVUOImsEa7FKns/urASmcxCVEE1jtUWSnij29jrORMQ=="
  "resolved" "https://registry.npmjs.org/@polkadot/wasm-crypto-asmjs/-/wasm-crypto-asmjs-4.5.1.tgz"
  "version" "4.5.1"
  dependencies:
    "@babel/runtime" "^7.16.3"

"@polkadot/wasm-crypto-wasm@^4.5.1":
  "integrity" "sha512-hPwke85HxpgG/RAlwdCE8u5w7bThvWg399mlB+XjogXMxOUWBZSgq2XYbgzROUXx27inK9nStF4Pnc4zJnqs9A=="
  "resolved" "https://registry.npmjs.org/@polkadot/wasm-crypto-wasm/-/wasm-crypto-wasm-4.5.1.tgz"
  "version" "4.5.1"
  dependencies:
    "@babel/runtime" "^7.16.3"

"@polkadot/wasm-crypto@^4.4.1", "@polkadot/wasm-crypto@^4.5.1":
  "integrity" "sha512-Cr21ais3Kq3aedIHZ3J1tjgeD/+K8FCiwEawr0oRywNBSJR8wyuZMePs4swR/6xm8wbBkpqoBVHz/UQHqqQJmA=="
  "resolved" "https://registry.npmjs.org/@polkadot/wasm-crypto/-/wasm-crypto-4.5.1.tgz"
  "version" "4.5.1"
  dependencies:
    "@babel/runtime" "^7.16.3"
    "@polkadot/wasm-crypto-asmjs" "^4.5.1"
    "@polkadot/wasm-crypto-wasm" "^4.5.1"

"@polkadot/x-bigint@8.2.2":
  "integrity" "sha512-fX3o3FhfQNxdpA5PV4L9PrjjSKG2ZmfFOfv3TrKwsDNtZMktDDcpmW3up53LJ53FszB/WHH6WwKsehmcqAYDIw=="
  "resolved" "https://registry.npmjs.org/@polkadot/x-bigint/-/x-bigint-8.2.2.tgz"
  "version" "8.2.2"
  dependencies:
    "@babel/runtime" "^7.16.5"
    "@polkadot/x-global" "8.2.2"

"@polkadot/x-fetch@^7.9.2":
  "version" "7.9.2"
  dependencies:
    "@babel/runtime" "^7.16.3"
    "@polkadot/x-global" "7.9.2"
    "@types/node-fetch" "^2.5.12"
    "node-fetch" "^2.6.6"

"@polkadot/x-global@^7.9.2", "@polkadot/x-global@7.9.2":
  "integrity" "sha512-JX5CrGWckHf1P9xKXq4vQCAuMUbL81l2hOWX7xeP8nv4caHEpmf5T1wD1iMdQBL5PFifo6Pg0V6/oZBB+bts7A=="
  "resolved" "https://registry.npmmirror.com/@polkadot/x-global/download/@polkadot/x-global-7.9.2.tgz"
  "version" "7.9.2"
  dependencies:
    "@babel/runtime" "^7.16.3"

"@polkadot/x-global@8.2.2":
  "integrity" "sha512-eTJ6edgoIKzjfdYN3Y6ZuJUGRAAc8Uc5X8r4/1QmhOy427QbfRKRL/cbcLat1XbyM52aplOvZf31KXTAkMREdQ=="
  "resolved" "https://registry.npmjs.org/@polkadot/x-global/-/x-global-8.2.2.tgz"
  "version" "8.2.2"
  dependencies:
    "@babel/runtime" "^7.16.5"

"@polkadot/x-randomvalues@*", "@polkadot/x-randomvalues@7.9.2":
  "integrity" "sha512-svQfG31yCXf6yVyIgP0NgCzEy7oc3Lw054ZspkaqjOivxYdrXaf5w3JSSUyM/MRjI2+nk+B/EyJoMYcfSwTfsQ=="
  "resolved" "https://registry.npmmirror.com/@polkadot/x-randomvalues/download/@polkadot/x-randomvalues-7.9.2.tgz"
  "version" "7.9.2"
  dependencies:
    "@babel/runtime" "^7.16.3"
    "@polkadot/x-global" "7.9.2"

"@polkadot/x-randomvalues@8.2.2":
  "integrity" "sha512-v3dx0xvWHd5t6e41Fte63WFX/t1Fu9ug3tOr/QE6yMFrDSeDW9TzFJKklakc0tXryqW0cL4qZzUdSvguGC2TPA=="
  "resolved" "https://registry.npmjs.org/@polkadot/x-randomvalues/-/x-randomvalues-8.2.2.tgz"
  "version" "8.2.2"
  dependencies:
    "@babel/runtime" "^7.16.5"
    "@polkadot/x-global" "8.2.2"

"@polkadot/x-textdecoder@7.9.2":
  "integrity" "sha512-wfwbSHXPhrOAl12QvlIOGNkMH/N/h8PId2ytIjvM/8zPPFB5Il6DWSFLtVapOGEpIFjEWbd5t8Td4pHBVXIEbg=="
  "resolved" "https://registry.npmmirror.com/@polkadot/x-textdecoder/download/@polkadot/x-textdecoder-7.9.2.tgz"
  "version" "7.9.2"
  dependencies:
    "@babel/runtime" "^7.16.3"
    "@polkadot/x-global" "7.9.2"

"@polkadot/x-textdecoder@8.2.2":
  "integrity" "sha512-HQ/pSl4FREnxK0V7nvEdTwI08Erh6KPLwHZ0rSfUJKVDZ+NwfeW4BW/8xCEJOQIRB948Dqerl0XjEn4xCA+OPg=="
  "resolved" "https://registry.npmjs.org/@polkadot/x-textdecoder/-/x-textdecoder-8.2.2.tgz"
  "version" "8.2.2"
  dependencies:
    "@babel/runtime" "^7.16.5"
    "@polkadot/x-global" "8.2.2"

"@polkadot/x-textencoder@7.9.2":
  "integrity" "sha512-A19wwYINuZwU2dUyQ/mMzB0ISjyfc4cISfL4zCMUAVgj7xVoXMYV2GfjNdMpA8Wsjch3su6pxLbtJ2wU03sRTQ=="
  "resolved" "https://registry.npmmirror.com/@polkadot/x-textencoder/download/@polkadot/x-textencoder-7.9.2.tgz"
  "version" "7.9.2"
  dependencies:
    "@babel/runtime" "^7.16.3"
    "@polkadot/x-global" "7.9.2"

"@polkadot/x-textencoder@8.2.2":
  "integrity" "sha512-ZAOwYi/y1wRYb3WoWZMDfYPrmbPSasog2uknt8p9u2WELrrfj4zF/fRnSuMjLUNtvJuKSzj4LUCKHwTY+peSrQ=="
  "resolved" "https://registry.npmjs.org/@polkadot/x-textencoder/-/x-textencoder-8.2.2.tgz"
  "version" "8.2.2"
  dependencies:
    "@babel/runtime" "^7.16.5"
    "@polkadot/x-global" "8.2.2"

"@polkadot/x-ws@^7.9.2":
  "version" "7.9.2"
  dependencies:
    "@babel/runtime" "^7.16.3"
    "@polkadot/x-global" "7.9.2"
    "@types/websocket" "^1.0.4"
    "websocket" "^1.0.34"

"@tsconfig/node10@^1.0.7":
  "integrity" "sha1-weToDW+WT77LM1nEO9SLQPfK2tk="
  "resolved" "https://registry.npmmirror.com/@tsconfig/node10/download/@tsconfig/node10-1.0.8.tgz"
  "version" "1.0.8"

"@tsconfig/node12@^1.0.7":
  "integrity" "sha1-YsH23uLr2a6tgNw6+laBDljhoEw="
  "resolved" "https://registry.npmmirror.com/@tsconfig/node12/download/@tsconfig/node12-1.0.9.tgz"
  "version" "1.0.9"

"@tsconfig/node14@^1.0.0":
  "integrity" "sha1-lfLRZ/+5uNIGiwsjUwL6/U33EfI="
  "resolved" "https://registry.npmmirror.com/@tsconfig/node14/download/@tsconfig/node14-1.0.1.tgz"
  "version" "1.0.1"

"@tsconfig/node16@^1.0.2":
  "integrity" "sha1-Qjx3h30Fadsg4fyAiFrEEYMUAQ4="
  "resolved" "https://registry.npmmirror.com/@tsconfig/node16/download/@tsconfig/node16-1.0.2.tgz"
  "version" "1.0.2"

"@types/bn.js@^4.11.6":
  "integrity" "sha1-wwbHDZNYquozzU7aCSp0K5UFlnw="
  "resolved" "https://registry.npmmirror.com/@types/bn.js/download/@types/bn.js-4.11.6.tgz"
  "version" "4.11.6"
  dependencies:
    "@types/node" "*"

"@types/command-exists@^1.2.0":
  "integrity" "sha512-ugsxEJfsCuqMLSuCD4PIJkp5Uk2z6TCMRCgYVuhRo5cYQY3+1xXTQkSlPtkpGHuvWMjS2KTeVQXxkXRACMbM6A=="
  "resolved" "https://registry.npmjs.org/@types/command-exists/-/command-exists-1.2.0.tgz"
  "version" "1.2.0"

"@types/find-up@^4.0.0":
  "integrity" "sha512-QlRNKeOPFWKisbNtKVOOGXw3AeLbkw8UmT/EyEGM6brfqpYffKBcch7f1y40NYN9O90aK2+K0xBMDJfOAsg2qg=="
  "resolved" "https://registry.npmjs.org/@types/find-up/-/find-up-4.0.0.tgz"
  "version" "4.0.0"
  dependencies:
    "find-up" "*"

"@types/node-fetch@^2.5.12":
  "integrity" "sha1-im93mx1OYLelf7b9SNhPtUW5zGY="
  "resolved" "https://registry.npmmirror.com/@types/node-fetch/download/@types/node-fetch-2.5.12.tgz"
  "version" "2.5.12"
  dependencies:
    "@types/node" "*"
    "form-data" "^3.0.0"

"@types/node@*":
  "version" "16.11.9"

"@types/websocket@^1.0.4":
  "integrity" "sha1-HcSXKA2ASaVFCFTdaY7n5uqeYLg="
  "resolved" "https://registry.npmmirror.com/@types/websocket/download/@types/websocket-1.0.4.tgz"
  "version" "1.0.4"
  dependencies:
    "@types/node" "*"

"acorn-walk@^8.1.1":
  "integrity" "sha1-dBIQ8uJCZFRQiFOi9E0KuDt/acE="
  "resolved" "https://registry.npmmirror.com/acorn-walk/download/acorn-walk-8.2.0.tgz"
  "version" "8.2.0"

"acorn@^8.4.1":
  "integrity" "sha512-U1riIR+lBSNi3IbxtaHOIKdH8sLFv3NYfNv8sg7ZsNhcfl4HF2++BfqqrNAxoCLQW1iiylOj76ecnaUxz+z9yw=="
  "resolved" "https://registry.npmmirror.com/acorn/download/acorn-8.6.0.tgz?cache=0&sync_timestamp=1637225522161&other_urls=https%3A%2F%2Fregistry.npmmirror.com%2Facorn%2Fdownload%2Facorn-8.6.0.tgz"
  "version" "8.6.0"

"arg@^4.1.0":
  "integrity" "sha1-Jp/HrVuOQstjyJbVZmAXJhwUQIk="
  "resolved" "https://registry.npmmirror.com/arg/download/arg-4.1.3.tgz"
  "version" "4.1.3"

"asynckit@^0.4.0":
  "integrity" "sha1-x57Zf380y48robyXkLzDZkdLS3k="
  "resolved" "https://registry.npmmirror.com/asynckit/download/asynckit-0.4.0.tgz"
  "version" "0.4.0"

"blakejs@^1.1.1":
  "integrity" "sha1-vzEwU5eLLNTERKSHlXEL4Fx4VwI="
  "resolved" "https://registry.npmmirror.com/blakejs/download/blakejs-1.1.1.tgz"
  "version" "1.1.1"

"bn.js@^4.11.9", "bn.js@^4.12.0":
  "integrity" "sha1-d1s/J477uXGO7HNh9IP7Nvu/6og="
  "resolved" "https://registry.npmmirror.com/bn.js/download/bn.js-4.12.0.tgz"
  "version" "4.12.0"

"brorand@^1.1.0":
  "integrity" "sha1-EsJe/kCkXjwyPrhnWgoM5XsiNx8="
  "resolved" "https://registry.npmmirror.com/brorand/download/brorand-1.1.0.tgz"
  "version" "1.1.0"

"bufferutil@^4.0.1":
  "integrity" "sha1-2p6oFmkRzCdr9ne4rtLQLTH1kCg="
  "resolved" "https://registry.npmmirror.com/bufferutil/download/bufferutil-4.0.5.tgz"
  "version" "4.0.5"
  dependencies:
    "node-gyp-build" "^4.3.0"

"camelcase@^6.2.1":
  "integrity" "sha512-tVI4q5jjFV5CavAU8DXfza/TJcZutVKo/5Foskmsqcm0MsL91moHvwiGNnqaa2o6PF/7yT5ikDRcVcl8Rj6LCA=="
  "resolved" "https://registry.npmmirror.com/camelcase/download/camelcase-6.2.1.tgz?cache=0&sync_timestamp=1636945183951&other_urls=https%3A%2F%2Fregistry.npmmirror.com%2Fcamelcase%2Fdownload%2Fcamelcase-6.2.1.tgz"
  "version" "6.2.1"

"cipher-base@^1.0.1":
  "integrity" "sha1-h2Dk7MJy9MNjUy+SbYdKriwTl94="
  "resolved" "https://registry.npmmirror.com/cipher-base/download/cipher-base-1.0.4.tgz"
  "version" "1.0.4"
  dependencies:
    "inherits" "^2.0.1"
    "safe-buffer" "^5.0.1"

"combined-stream@^1.0.8":
  "integrity" "sha1-w9RaizT9cwYxoRCoolIGgrMdWn8="
  "resolved" "https://registry.npmmirror.com/combined-stream/download/combined-stream-1.0.8.tgz"
  "version" "1.0.8"
  dependencies:
    "delayed-stream" "~1.0.0"

"command-exists@^1.2.9":
  "integrity" "sha512-LTQ/SGc+s0Xc0Fu5WaKnR0YiygZkm9eKFvyS+fRsU7/ZWFF8ykFM6Pc9aCVf1+xasOOZpO3BAVgVrKvsqKHV7w=="
  "resolved" "https://registry.npmjs.org/command-exists/-/command-exists-1.2.9.tgz"
  "version" "1.2.9"

"create-hash@^1.2.0":
  "integrity" "sha1-iJB4rxGmN1a8+1m9IhmWvjqe8ZY="
  "resolved" "https://registry.npmmirror.com/create-hash/download/create-hash-1.2.0.tgz"
  "version" "1.2.0"
  dependencies:
    "cipher-base" "^1.0.1"
    "inherits" "^2.0.1"
    "md5.js" "^1.3.4"
    "ripemd160" "^2.0.1"
    "sha.js" "^2.4.0"

"create-require@^1.1.0":
  "integrity" "sha1-wdfo8eX2z8n/ZfnNNS03NIdWwzM="
  "resolved" "https://registry.npmmirror.com/create-require/download/create-require-1.1.1.tgz"
  "version" "1.1.1"

"cuint@^0.2.2":
  "integrity" "sha1-QICG1AlVDCYxFVYZ6fp7ytw7mRs="
  "resolved" "https://registry.npmmirror.com/cuint/download/cuint-0.2.2.tgz"
  "version" "0.2.2"

"d@^1.0.1", "d@1":
  "integrity" "sha1-hpgJU3LVjb7jRv/Qxwk/mfj561o="
  "resolved" "https://registry.npmmirror.com/d/download/d-1.0.1.tgz"
  "version" "1.0.1"
  dependencies:
    "es5-ext" "^0.10.50"
    "type" "^1.0.1"

"debug@^2.2.0":
  "integrity" "sha1-XRKFFd8TT/Mn6QpMk/Tgd6U2NB8="
  "resolved" "https://registry.npmmirror.com/debug/download/debug-2.6.9.tgz"
  "version" "2.6.9"
  dependencies:
    "ms" "2.0.0"

"delayed-stream@~1.0.0":
  "integrity" "sha1-3zrhmayt+31ECqrgsp4icrJOxhk="
  "resolved" "https://registry.npmmirror.com/delayed-stream/download/delayed-stream-1.0.0.tgz"
  "version" "1.0.0"

"diff@^4.0.1":
  "integrity" "sha1-YPOuy4nV+uUgwRqhnvwruYKq3n0="
  "resolved" "https://registry.npmmirror.com/diff/download/diff-4.0.2.tgz"
  "version" "4.0.2"

"ed2curve@^0.3.0":
  "integrity" "sha1-MitXUVKkUwVCnVRrBxgjqTEpoF0="
  "resolved" "https://registry.npmmirror.com/ed2curve/download/ed2curve-0.3.0.tgz"
  "version" "0.3.0"
  dependencies:
    "tweetnacl" "1.x.x"

"elliptic@^6.5.4":
  "integrity" "sha1-2jfOvTHnmhNn6UG1ku0fvr1Yq7s="
  "resolved" "https://registry.npmmirror.com/elliptic/download/elliptic-6.5.4.tgz"
  "version" "6.5.4"
  dependencies:
    "bn.js" "^4.11.9"
    "brorand" "^1.1.0"
    "hash.js" "^1.0.0"
    "hmac-drbg" "^1.0.1"
    "inherits" "^2.0.4"
    "minimalistic-assert" "^1.0.1"
    "minimalistic-crypto-utils" "^1.0.1"

"es5-ext@^0.10.35", "es5-ext@^0.10.50":
  "integrity" "sha1-k8WjrP2+8nUiCtcmRK0C7hg2jeE="
  "resolved" "https://registry.npmmirror.com/es5-ext/download/es5-ext-0.10.53.tgz"
  "version" "0.10.53"
  dependencies:
    "es6-iterator" "~2.0.3"
    "es6-symbol" "~3.1.3"
    "next-tick" "~1.0.0"

"es6-iterator@~2.0.3":
  "integrity" "sha1-p96IkUGgWpSwhUQDstCg+/qY87c="
  "resolved" "https://registry.npmmirror.com/es6-iterator/download/es6-iterator-2.0.3.tgz"
  "version" "2.0.3"
  dependencies:
    "d" "1"
    "es5-ext" "^0.10.35"
    "es6-symbol" "^3.1.1"

"es6-symbol@^3.1.1", "es6-symbol@~3.1.3":
  "integrity" "sha1-utXTwbzawoJp9MszHkMceKxwXRg="
  "resolved" "https://registry.npmmirror.com/es6-symbol/download/es6-symbol-3.1.3.tgz"
  "version" "3.1.3"
  dependencies:
    "d" "^1.0.1"
    "ext" "^1.1.2"

"eventemitter3@^4.0.7":
  "integrity" "sha1-Lem2j2Uo1WRO9cWVJqG0oHMGFp8="
  "resolved" "https://registry.npmmirror.com/eventemitter3/download/eventemitter3-4.0.7.tgz"
  "version" "4.0.7"

"ext@^1.1.2":
  "integrity" "sha1-OHHVBkHodMwXLitT+RmELRnbTFI="
  "resolved" "https://registry.npmmirror.com/ext/download/ext-1.6.0.tgz"
  "version" "1.6.0"
  dependencies:
    "type" "^2.5.0"

"find-up@*", "find-up@^5.0.0":
  "integrity" "sha1-TJKBnstwg1YeT0okCoa+UZj1Nvw="
  "resolved" "https://registry.npmmirror.com/find-up/download/find-up-5.0.0.tgz?cache=0&sync_timestamp=1633620159442&other_urls=https%3A%2F%2Fregistry.npmmirror.com%2Ffind-up%2Fdownload%2Ffind-up-5.0.0.tgz"
  "version" "5.0.0"
  dependencies:
    "locate-path" "^6.0.0"
    "path-exists" "^4.0.0"

"form-data@^3.0.0":
  "integrity" "sha1-69U3kbeDVqma+aMA1CgsTV65dV8="
  "resolved" "https://registry.npmmirror.com/form-data/download/form-data-3.0.1.tgz"
  "version" "3.0.1"
  dependencies:
    "asynckit" "^0.4.0"
    "combined-stream" "^1.0.8"
    "mime-types" "^2.1.12"

"hash-base@^3.0.0":
  "integrity" "sha1-VcOB2eBuHSmXqIO0o/3f5/DTrzM="
  "resolved" "https://registry.npmmirror.com/hash-base/download/hash-base-3.1.0.tgz"
  "version" "3.1.0"
  dependencies:
    "inherits" "^2.0.4"
    "readable-stream" "^3.6.0"
    "safe-buffer" "^5.2.0"

"hash.js@^1.0.0", "hash.js@^1.0.3", "hash.js@^1.1.7":
  "integrity" "sha1-C6vKU46NTuSg+JiNaIZlN6ADz0I="
  "resolved" "https://registry.npmmirror.com/hash.js/download/hash.js-1.1.7.tgz"
  "version" "1.1.7"
  dependencies:
    "inherits" "^2.0.3"
    "minimalistic-assert" "^1.0.1"

"hmac-drbg@^1.0.1":
  "integrity" "sha1-0nRXAQJabHdabFRXk+1QL8DGSaE="
  "resolved" "https://registry.npmmirror.com/hmac-drbg/download/hmac-drbg-1.0.1.tgz"
  "version" "1.0.1"
  dependencies:
    "hash.js" "^1.0.3"
    "minimalistic-assert" "^1.0.0"
    "minimalistic-crypto-utils" "^1.0.1"

"inherits@^2.0.1", "inherits@^2.0.3", "inherits@^2.0.4":
  "integrity" "sha1-D6LGT5MpF8NDOg3tVTY6rjdBa3w="
  "resolved" "https://registry.npmmirror.com/inherits/download/inherits-2.0.4.tgz"
  "version" "2.0.4"

"ip-regex@^4.3.0":
  "integrity" "sha1-aHJ1qw9X+naXj/j03dyKI9WZDbU="
  "resolved" "https://registry.npmmirror.com/ip-regex/download/ip-regex-4.3.0.tgz"
  "version" "4.3.0"

"is-typedarray@^1.0.0":
  "integrity" "sha1-5HnICFjfDBsR3dppQPlgEfzaSpo="
  "resolved" "https://registry.npmmirror.com/is-typedarray/download/is-typedarray-1.0.0.tgz"
  "version" "1.0.0"

"js-sha3@^0.8.0":
  "integrity" "sha1-ubel2nOvrX3t0PjEY5VMveaBiEA="
  "resolved" "https://registry.npmmirror.com/js-sha3/download/js-sha3-0.8.0.tgz"
  "version" "0.8.0"

"locate-path@^6.0.0":
  "integrity" "sha1-VTIeswn+u8WcSAHZMackUqaB0oY="
  "resolved" "https://registry.npmmirror.com/locate-path/download/locate-path-6.0.0.tgz"
  "version" "6.0.0"
  dependencies:
    "p-locate" "^5.0.0"

"make-error@^1.1.1":
  "integrity" "sha1-LrLjfqm2fEiR9oShOUeZr0hM96I="
  "resolved" "https://registry.npmmirror.com/make-error/download/make-error-1.3.6.tgz"
  "version" "1.3.6"

"md5.js@^1.3.4":
  "integrity" "sha1-tdB7jjIW4+J81yjXL3DR5qNCAF8="
  "resolved" "https://registry.npmmirror.com/md5.js/download/md5.js-1.3.5.tgz"
  "version" "1.3.5"
  dependencies:
    "hash-base" "^3.0.0"
    "inherits" "^2.0.1"
    "safe-buffer" "^5.1.2"

"micro-base@^0.10.0":
  "integrity" "sha512-lqqJrT7lfJtDmmiQ4zRLZuIJBk96t0RAc5pCrrWpL9zDeH5i/SUL85mku9HqzTI/OCZ8EQ3aicbMW+eK5Nyu5w=="
  "resolved" "https://registry.npmjs.org/micro-base/-/micro-base-0.10.2.tgz"
  "version" "0.10.2"

"micro-base@^0.9.0":
  "integrity" "sha1-Cc/iAoW+wOqX9B3D0Q4/uj0CZu4="
  "resolved" "https://registry.npmmirror.com/micro-base/download/micro-base-0.9.0.tgz"
  "version" "0.9.0"

"mime-db@1.51.0":
  "integrity" "sha512-5y8A56jg7XVQx2mbv1lu49NR4dokRnhZYTtL+KGfaa27uq4pSTXkwQkFJl4pkRMyNFz/EtYDSkiiEHx3F7UN6g=="
  "resolved" "https://registry.npmmirror.com/mime-db/download/mime-db-1.51.0.tgz?cache=0&sync_timestamp=1636426011941&other_urls=https%3A%2F%2Fregistry.npmmirror.com%2Fmime-db%2Fdownload%2Fmime-db-1.51.0.tgz"
  "version" "1.51.0"

"mime-types@^2.1.12":
  "integrity" "sha512-6cP692WwGIs9XXdOO4++N+7qjqv0rqxxVvJ3VHPh/Sc9mVZcQP+ZGhkKiTvWMQRr2tbHkJP/Yn7Y0npb3ZBs4A=="
  "resolved" "https://registry.npmmirror.com/mime-types/download/mime-types-2.1.34.tgz?cache=0&sync_timestamp=1636432243934&other_urls=https%3A%2F%2Fregistry.npmmirror.com%2Fmime-types%2Fdownload%2Fmime-types-2.1.34.tgz"
  "version" "2.1.34"
  dependencies:
    "mime-db" "1.51.0"

"minimalistic-assert@^1.0.0", "minimalistic-assert@^1.0.1":
  "integrity" "sha1-LhlN4ERibUoQ5/f7wAznPoPk1cc="
  "resolved" "https://registry.npmmirror.com/minimalistic-assert/download/minimalistic-assert-1.0.1.tgz"
  "version" "1.0.1"

"minimalistic-crypto-utils@^1.0.1":
  "integrity" "sha1-9sAMHAsIIkblxNmd+4x8CDsrWCo="
  "resolved" "https://registry.npmmirror.com/minimalistic-crypto-utils/download/minimalistic-crypto-utils-1.0.1.tgz"
  "version" "1.0.1"

"ms@2.0.0":
  "integrity" "sha1-VgiurfwAvmwpAd9fmGF4jeDVl8g="
  "resolved" "https://registry.npmmirror.com/ms/download/ms-2.0.0.tgz"
  "version" "2.0.0"

"next-tick@~1.0.0":
  "integrity" "sha1-yobR/ogoFpsBICCOPchCS524NCw="
  "resolved" "https://registry.npmmirror.com/next-tick/download/next-tick-1.0.0.tgz"
  "version" "1.0.0"

"node-fetch@^2.6.6":
  "integrity" "sha1-F1GnwBg06OFpd1hzLp77burfr4k="
  "resolved" "https://registry.npmmirror.com/node-fetch/download/node-fetch-2.6.6.tgz"
  "version" "2.6.6"
  dependencies:
    "whatwg-url" "^5.0.0"

"node-gyp-build@^4.3.0":
  "integrity" "sha1-nyVrA+WCYVC+Ocdkv1Hpk5RtcaM="
  "resolved" "https://registry.npmmirror.com/node-gyp-build/download/node-gyp-build-4.3.0.tgz"
  "version" "4.3.0"

"p-limit@^3.0.2":
  "integrity" "sha1-4drMvnjQ0TiMoYxk/qOOPlfjcGs="
  "resolved" "https://registry.npmmirror.com/p-limit/download/p-limit-3.1.0.tgz"
  "version" "3.1.0"
  dependencies:
    "yocto-queue" "^0.1.0"

"p-locate@^5.0.0":
  "integrity" "sha1-g8gxXGeFAF470CGDlBHJ4RDm2DQ="
  "resolved" "https://registry.npmmirror.com/p-locate/download/p-locate-5.0.0.tgz"
  "version" "5.0.0"
  dependencies:
    "p-limit" "^3.0.2"

"path-exists@^4.0.0":
  "integrity" "sha1-UTvb4tO5XXdi6METfvoZXGxhtbM="
  "resolved" "https://registry.npmmirror.com/path-exists/download/path-exists-4.0.0.tgz"
  "version" "4.0.0"

"readable-stream@^3.6.0":
  "integrity" "sha1-M3u9o63AcGvT4CRCaihtS0sskZg="
  "resolved" "https://registry.npmmirror.com/readable-stream/download/readable-stream-3.6.0.tgz"
  "version" "3.6.0"
  dependencies:
    "inherits" "^2.0.3"
    "string_decoder" "^1.1.1"
    "util-deprecate" "^1.0.1"

"regenerator-runtime@^0.13.4":
  "integrity" "sha1-iSV0Kpj/2QgUmI11Zq0wyjsmO1I="
  "resolved" "https://registry.npmmirror.com/regenerator-runtime/download/regenerator-runtime-0.13.9.tgz"
  "version" "0.13.9"

"ripemd160@^2.0.1":
  "integrity" "sha1-ocGm9iR1FXe6XQeRTLyShQWFiQw="
  "resolved" "https://registry.npmmirror.com/ripemd160/download/ripemd160-2.0.2.tgz"
  "version" "2.0.2"
  dependencies:
    "hash-base" "^3.0.0"
    "inherits" "^2.0.1"

"rxjs@^7.4.0":
  "integrity" "sha1-oSpE1+6/AW9f8kQbh/KMmlHOvGg="
  "resolved" "https://registry.npmmirror.com/rxjs/download/rxjs-7.4.0.tgz"
  "version" "7.4.0"
  dependencies:
    "tslib" "~2.1.0"

"safe-buffer@^5.0.1", "safe-buffer@^5.1.2", "safe-buffer@^5.2.0", "safe-buffer@~5.2.0":
  "integrity" "sha1-Hq+fqb2x/dTsdfWPnNtOa3gn7sY="
  "resolved" "https://registry.npmmirror.com/safe-buffer/download/safe-buffer-5.2.1.tgz"
  "version" "5.2.1"

"scryptsy@^2.1.0":
  "integrity" "sha1-jR6NDAJbWP3SW2+poNyQXuj6p5A="
  "resolved" "https://registry.npmmirror.com/scryptsy/download/scryptsy-2.1.0.tgz"
  "version" "2.1.0"

"sha.js@^2.4.0":
  "integrity" "sha1-N6XPC4HsvGlD3hCbopYNGyZYSuc="
  "resolved" "https://registry.npmmirror.com/sha.js/download/sha.js-2.4.11.tgz"
  "version" "2.4.11"
  dependencies:
    "inherits" "^2.0.1"
    "safe-buffer" "^5.0.1"

"string_decoder@^1.1.1":
  "integrity" "sha1-QvEUWUpGzxqOMLCoT1bHjD7awh4="
  "resolved" "https://registry.npmmirror.com/string_decoder/download/string_decoder-1.3.0.tgz"
  "version" "1.3.0"
  dependencies:
    "safe-buffer" "~5.2.0"

"tr46@~0.0.3":
  "integrity" "sha1-gYT9NH2snNwYWZLzpmIuFLnZq2o="
  "resolved" "https://registry.npmmirror.com/tr46/download/tr46-0.0.3.tgz"
  "version" "0.0.3"

"ts-node@^10.4.0":
  "integrity" "sha1-aA+IlFiF9ObPRQ5/DWIj3UBIlfc="
  "resolved" "https://registry.npmmirror.com/ts-node/download/ts-node-10.4.0.tgz"
  "version" "10.4.0"
  dependencies:
    "@cspotcode/source-map-support" "0.7.0"
    "@tsconfig/node10" "^1.0.7"
    "@tsconfig/node12" "^1.0.7"
    "@tsconfig/node14" "^1.0.0"
    "@tsconfig/node16" "^1.0.2"
    "acorn" "^8.4.1"
    "acorn-walk" "^8.1.1"
    "arg" "^4.1.0"
    "create-require" "^1.1.0"
    "diff" "^4.0.1"
    "make-error" "^1.1.1"
    "yn" "3.1.1"

"tslib@~2.1.0":
  "integrity" "sha1-2mCGDxwuyqVwOrfTm8Bba/mIuXo="
  "resolved" "https://registry.npmmirror.com/tslib/download/tslib-2.1.0.tgz"
  "version" "2.1.0"

"tweetnacl@^1.0.3", "tweetnacl@1.x.x":
  "integrity" "sha1-rAr3FoBFjYpjeNDQ0FCrFAfTVZY="
  "resolved" "https://registry.npmmirror.com/tweetnacl/download/tweetnacl-1.0.3.tgz"
  "version" "1.0.3"

"type@^1.0.1":
  "integrity" "sha1-hI3XaY2vo+VKbEeedZxLw/GIR6A="
  "resolved" "https://registry.npmmirror.com/type/download/type-1.2.0.tgz"
  "version" "1.2.0"

"type@^2.5.0":
  "integrity" "sha1-Ci54wud5B7JSq+XymMGwHGPw2z0="
  "resolved" "https://registry.npmmirror.com/type/download/type-2.5.0.tgz"
  "version" "2.5.0"

"typedarray-to-buffer@^3.1.5":
  "integrity" "sha1-qX7nqf9CaRufeD/xvFES/j/KkIA="
  "resolved" "https://registry.npmmirror.com/typedarray-to-buffer/download/typedarray-to-buffer-3.1.5.tgz"
  "version" "3.1.5"
  dependencies:
    "is-typedarray" "^1.0.0"

"typescript@^4.5.2", "typescript@>=2.7":
  "version" "4.5.2"

"utf-8-validate@^5.0.2":
  "integrity" "sha1-wVoZpq8fetnsfdxCV0fKKMNkSSI="
  "resolved" "https://registry.npmmirror.com/utf-8-validate/download/utf-8-validate-5.0.7.tgz"
  "version" "5.0.7"
  dependencies:
    "node-gyp-build" "^4.3.0"

"util-deprecate@^1.0.1":
  "integrity" "sha1-RQ1Nyfpw3nMnYvvS1KKJgUGaDM8="
  "resolved" "https://registry.npmmirror.com/util-deprecate/download/util-deprecate-1.0.2.tgz"
  "version" "1.0.2"

"webidl-conversions@^3.0.0":
  "integrity" "sha1-JFNCdeKnvGvnvIZhHMFq4KVlSHE="
  "resolved" "https://registry.npmmirror.com/webidl-conversions/download/webidl-conversions-3.0.1.tgz"
  "version" "3.0.1"

"websocket@^1.0.34":
  "integrity" "sha1-K9wmAsCL8sgiU7cwZVwO99yrMRE="
  "resolved" "https://registry.npmmirror.com/websocket/download/websocket-1.0.34.tgz"
  "version" "1.0.34"
  dependencies:
    "bufferutil" "^4.0.1"
    "debug" "^2.2.0"
    "es5-ext" "^0.10.50"
    "typedarray-to-buffer" "^3.1.5"
    "utf-8-validate" "^5.0.2"
    "yaeti" "^0.0.6"

"whatwg-url@^5.0.0":
  "integrity" "sha1-lmRU6HZUYuN2RNNib2dCzotwll0="
  "resolved" "https://registry.npmmirror.com/whatwg-url/download/whatwg-url-5.0.0.tgz"
  "version" "5.0.0"
  dependencies:
    "tr46" "~0.0.3"
    "webidl-conversions" "^3.0.0"

"xxhashjs@^0.2.2":
  "integrity" "sha1-imJRVnYhocRqWuIE2gJJx/jKqdg="
  "resolved" "https://registry.npmmirror.com/xxhashjs/download/xxhashjs-0.2.2.tgz"
  "version" "0.2.2"
  dependencies:
    "cuint" "^0.2.2"

"yaeti@^0.0.6":
  "integrity" "sha1-8m9ITXJoTPQr7ft2lwqhYI+/lXc="
  "resolved" "https://registry.npmmirror.com/yaeti/download/yaeti-0.0.6.tgz"
  "version" "0.0.6"

"yn@3.1.1":
  "integrity" "sha1-HodAGgnXZ8HV6rJqbkwYUYLS61A="
  "resolved" "https://registry.npmmirror.com/yn/download/yn-3.1.1.tgz"
  "version" "3.1.1"

"yocto-queue@^0.1.0":
  "integrity" "sha1-ApTrPe4FAo0x7hpfosVWpqrxChs="
  "resolved" "https://registry.npmmirror.com/yocto-queue/download/yocto-queue-0.1.0.tgz?cache=0&sync_timestamp=1632753523520&other_urls=https%3A%2F%2Fregistry.npmmirror.com%2Fyocto-queue%2Fdownload%2Fyocto-queue-0.1.0.tgz"
  "version" "0.1.0"
