# THIS IS AN AUTOGENERATED FILE. DO NOT EDIT THIS FILE DIRECTLY.
# yarn lockfile v1


"@babel/runtime@^7.16.3":
  version "7.16.5"
  resolved "https://registry.npmmirror.com/@babel/runtime/download/@babel/runtime-7.16.5.tgz#7f3e34bf8bdbbadf03fbb7b1ea0d929569c9487a"
  integrity sha512-TXWihFIS3Pyv5hzR7j6ihmeLkZfrXGxAr5UfSl8CHf+6q/wpiYDkUau0czckpYG8QmnCIuPpdLtuA9VmuGGyMA==
  dependencies:
    regenerator-runtime "^0.13.4"

"@cspotcode/source-map-consumer@0.8.0":
  version "0.8.0"
  resolved "https://registry.npmmirror.com/@cspotcode/source-map-consumer/download/@cspotcode/source-map-consumer-0.8.0.tgz#33bf4b7b39c178821606f669bbc447a6a629786b"
  integrity sha1-M79LeznBeIIWBvZpu8RHpqYpeGs=

"@cspotcode/source-map-support@0.7.0":
  version "0.7.0"
  resolved "https://registry.npmmirror.com/@cspotcode/source-map-support/download/@cspotcode/source-map-support-0.7.0.tgz#4789840aa859e46d2f3173727ab707c66bf344f5"
  integrity sha1-R4mECqhZ5G0vMXNyercHxmvzRPU=
  dependencies:
    "@cspotcode/source-map-consumer" "0.8.0"

"@noble/hashes@0.4.1":
  version "0.4.1"
  resolved "https://registry.npmmirror.com/@noble/hashes/download/@noble/hashes-0.4.1.tgz#ef8ef347cfb3a03692f16ed31fda717f8e78d392"
  integrity sha512-Qxy9mZoDf5SyFrQ8hpWHeMZ2Scmb9BAz/lt23sKdr/QHnACW9dD6S+/WVJHd3R/BPoNHcUYWXoXXe74cxSEYoA==

"@noble/secp256k1@^1.3.0":
  version "1.3.4"
  resolved "https://registry.npmmirror.com/@noble/secp256k1/download/@noble/secp256k1-1.3.4.tgz#158ded712d09237c0d3428be60dc01ce8ebab9fb"
  integrity sha512-ZVRouDO5mbdCiDg4zCd3ZZABduRtpy4tCnB33Gh9upHe9tRzpiqbRSN1VTjrj/2g8u2c6MBi0YLNnNQpBYOiWg==

"@polkadot/api-derive@6.12.1":
  version "6.12.1"
  resolved "https://registry.npmmirror.com/@polkadot/api-derive/download/@polkadot/api-derive-6.12.1.tgz#f5356104d4cb1bed8f0dcac32afc4b0a5c05c232"
  integrity sha512-5LOVlG5EBCT+ytY6aHmQ4RdEWZovZQqRoc6DLd5BLhkR7BFTHKSkLQW+89so8jd0zEtmSXBVPPnsrXS8joM35Q==
  dependencies:
    "@babel/runtime" "^7.16.3"
    "@polkadot/api" "6.12.1"
    "@polkadot/rpc-core" "6.12.1"
    "@polkadot/types" "6.12.1"
    "@polkadot/util" "^8.1.2"
    "@polkadot/util-crypto" "^8.1.2"
    rxjs "^7.4.0"

"@polkadot/api@6.12.1", "@polkadot/api@^6.9.2":
  version "6.12.1"
  resolved "https://registry.npmmirror.com/@polkadot/api/download/@polkadot/api-6.12.1.tgz#685a2727eb532fdacd9b86f9ddf595d58be71ee4"
  integrity sha512-RVdTiA2WaEvproM3i6E9TKS1bfXpPd9Ly9lUG/kVLaspjKoIot9DJUDTl97TJ+7xr8LXGbXqm448Ud0hsEBV8Q==
  dependencies:
    "@babel/runtime" "^7.16.3"
    "@polkadot/api-derive" "6.12.1"
    "@polkadot/keyring" "^8.1.2"
    "@polkadot/rpc-core" "6.12.1"
    "@polkadot/rpc-provider" "6.12.1"
    "@polkadot/types" "6.12.1"
    "@polkadot/types-known" "6.12.1"
    "@polkadot/util" "^8.1.2"
    "@polkadot/util-crypto" "^8.1.2"
    eventemitter3 "^4.0.7"
    rxjs "^7.4.0"

"@polkadot/keyring@^7.9.2":
  version "7.9.2"
  resolved "https://registry.npmmirror.com/@polkadot/keyring/download/@polkadot/keyring-7.9.2.tgz#1f5bf6b7bdb5942d275aebf72d4ed98abe874fa8"
  integrity sha512-6UGoIxhiTyISkYEZhUbCPpgVxaneIfb/DBVlHtbvaABc8Mqh1KuqcTIq19Mh9wXlBuijl25rw4lUASrE/9sBqg==
  dependencies:
    "@babel/runtime" "^7.16.3"
    "@polkadot/util" "7.9.2"
    "@polkadot/util-crypto" "7.9.2"

"@polkadot/keyring@^8.1.2":
  version "8.1.2"
  resolved "https://registry.npmmirror.com/@polkadot/keyring/download/@polkadot/keyring-8.1.2.tgz#c0b8e838b2e547e41a6a34051a17bed9472ae90c"
  integrity sha512-WsVx9TCJ9H6dmADTyMibwrlSPZrmPlsvFoqrbMTMD04Q7CYZXP46ht3YrF6t81YPQWDoszeDomNuSF2iPXSCTQ==
  dependencies:
    "@babel/runtime" "^7.16.3"
    "@polkadot/util" "8.1.2"
    "@polkadot/util-crypto" "8.1.2"

"@polkadot/networks@7.9.2":
  version "7.9.2"
  resolved "https://registry.npmmirror.com/@polkadot/networks/download/@polkadot/networks-7.9.2.tgz#03e3f3ac6bdea177517436537826055df60bcb9a"
  integrity sha512-4obI1RdW5/7TFwbwKA9oqw8aggVZ65JAUvIFMd2YmMC2T4+NiZLnok0WhRkhZkUnqjLIHXYNwq7Ho1i39dte0g==
  dependencies:
    "@babel/runtime" "^7.16.3"

"@polkadot/networks@8.1.2", "@polkadot/networks@^8.1.2":
  version "8.1.2"
  resolved "https://registry.npmmirror.com/@polkadot/networks/download/@polkadot/networks-8.1.2.tgz#5c1b7d620413202f758ecc944c6893691ee68dc4"
  integrity sha512-OPjEjEdlErZW0dv1WNIEAaOja8g2ynscwM4pQbVWzbpACuM1xziPgfDF74M0R8fMOxr5EJOVbKsvOSBytw+TDg==
  dependencies:
    "@babel/runtime" "^7.16.3"

"@polkadot/rpc-core@6.12.1":
  version "6.12.1"
  resolved "https://registry.npmmirror.com/@polkadot/rpc-core/download/@polkadot/rpc-core-6.12.1.tgz#b5d65589349a0db6edb25fdfd141707a3a5698fa"
  integrity sha512-Hb08D9zho3SB1UNlUCmG5q0gdgbOx25JKGLDfSYpD/wtD0Y1Sf2X5cfgtMoSYE3USWiRdCu4BxQkXTiRjPjzJg==
  dependencies:
    "@babel/runtime" "^7.16.3"
    "@polkadot/rpc-provider" "6.12.1"
    "@polkadot/types" "6.12.1"
    "@polkadot/util" "^8.1.2"
    rxjs "^7.4.0"

"@polkadot/rpc-provider@6.12.1":
  version "6.12.1"
  resolved "https://registry.npmmirror.com/@polkadot/rpc-provider/download/@polkadot/rpc-provider-6.12.1.tgz#1b5b7ceffefa8735010b61ace04f3eece6145622"
  integrity sha512-uUHD3fLTOeZYWJoc6DQlhz+MJR33rVelasV+OxFY2nSD9MSNXRwQh+9UKDQBnyxw5B4BZ2QaEGfucDeavXmVDw==
  dependencies:
    "@babel/runtime" "^7.16.3"
    "@polkadot/types" "6.12.1"
    "@polkadot/util" "^8.1.2"
    "@polkadot/util-crypto" "^8.1.2"
    "@polkadot/x-fetch" "^8.1.2"
    "@polkadot/x-global" "^8.1.2"
    "@polkadot/x-ws" "^8.1.2"
    eventemitter3 "^4.0.7"

"@polkadot/types-known@6.12.1":
  version "6.12.1"
  resolved "https://registry.npmmirror.com/@polkadot/types-known/download/@polkadot/types-known-6.12.1.tgz#2dd3ca4e4aa20b86ef182eb75672690f8c14a84e"
  integrity sha512-Z8bHpPQy+mqUm0uR1tai6ra0bQIoPmgRcGFYUM+rJtW1kx/6kZLh10HAICjLpPeA1cwLRzaxHRDqH5MCU6OgXw==
  dependencies:
    "@babel/runtime" "^7.16.3"
    "@polkadot/networks" "^8.1.2"
    "@polkadot/types" "6.12.1"
    "@polkadot/util" "^8.1.2"

"@polkadot/types@6.12.1", "@polkadot/types@^6.9.2":
  version "6.12.1"
  resolved "https://registry.npmmirror.com/@polkadot/types/download/@polkadot/types-6.12.1.tgz#e5d6dff997740c3da947fa67abe2e1ec144c4757"
  integrity sha512-O37cAGUL0xiXTuO3ySweVh0OuFUD6asrd0TfuzGsEp3jAISWdElEHV5QDiftWq8J9Vf8BMgTcP2QLFbmSusxqA==
  dependencies:
    "@babel/runtime" "^7.16.3"
    "@polkadot/types-known" "6.12.1"
    "@polkadot/util" "^8.1.2"
    "@polkadot/util-crypto" "^8.1.2"
    rxjs "^7.4.0"

"@polkadot/util-crypto@7.9.2":
  version "7.9.2"
  resolved "https://registry.npmmirror.com/@polkadot/util-crypto/download/@polkadot/util-crypto-7.9.2.tgz#cdc336f92a6bc3d40c5a23734e1974fb777817f0"
  integrity sha512-nNwqUwP44eCH9jKKcPie+IHLKkg9LMe6H7hXo91hy3AtoslnNrT51tP3uAm5yllhLvswJfnAgnlHq7ybCgqeFw==
  dependencies:
    "@babel/runtime" "^7.16.3"
    "@polkadot/networks" "7.9.2"
    "@polkadot/util" "7.9.2"
    "@polkadot/wasm-crypto" "^4.4.1"
    "@polkadot/x-randomvalues" "7.9.2"
    blakejs "^1.1.1"
    bn.js "^4.12.0"
    create-hash "^1.2.0"
    ed2curve "^0.3.0"
    elliptic "^6.5.4"
    hash.js "^1.1.7"
    js-sha3 "^0.8.0"
    micro-base "^0.9.0"
    scryptsy "^2.1.0"
    tweetnacl "^1.0.3"
    xxhashjs "^0.2.2"

"@polkadot/util-crypto@8.1.2", "@polkadot/util-crypto@^8.1.2":
  version "8.1.2"
  resolved "https://registry.npmmirror.com/@polkadot/util-crypto/download/@polkadot/util-crypto-8.1.2.tgz#35ca296bf7b7cc76b8ed085a40585b196d6b9de5"
  integrity sha512-sqyz4zLyBleBmoaNkGaAQsNXVktqmHJ3XiuYgt9KJ7hIZjP7wjJMLZWzyOKVaL1w5/hUNTRzVuTGiA8GD62ByA==
  dependencies:
    "@babel/runtime" "^7.16.3"
    "@noble/hashes" "0.4.1"
    "@noble/secp256k1" "^1.3.0"
    "@polkadot/networks" "8.1.2"
    "@polkadot/util" "8.1.2"
    "@polkadot/wasm-crypto" "^4.5.1"
    "@polkadot/x-bigint" "8.1.2"
    "@polkadot/x-noble-hashes" "8.1.2"
    "@polkadot/x-noble-secp256k1" "8.1.2"
    "@polkadot/x-randomvalues" "8.1.2"
    ed2curve "^0.3.0"
    micro-base "^0.9.0"
    tweetnacl "^1.0.3"

"@polkadot/util@7.9.2", "@polkadot/util@^7.9.2":
  version "7.9.2"
  resolved "https://registry.npmmirror.com/@polkadot/util/download/@polkadot/util-7.9.2.tgz#567ac659516d6b685ed7e796919901d92e5cbe6b"
  integrity sha512-6ABY6ErgkCsM4C6+X+AJSY4pBGwbKlHZmUtHftaiTvbaj4XuA4nTo3GU28jw8wY0Jh2cJZJvt6/BJ5GVkm5tBA==
  dependencies:
    "@babel/runtime" "^7.16.3"
    "@polkadot/x-textdecoder" "7.9.2"
    "@polkadot/x-textencoder" "7.9.2"
    "@types/bn.js" "^4.11.6"
    bn.js "^4.12.0"
    camelcase "^6.2.1"
    ip-regex "^4.3.0"

"@polkadot/util@8.1.2", "@polkadot/util@^8.1.2":
  version "8.1.2"
  resolved "https://registry.npmmirror.com/@polkadot/util/download/@polkadot/util-8.1.2.tgz#f3178a077758eca21e57f031ae0421b7634b1107"
  integrity sha512-s1Q6J7I2sxDdk8S9SA1wVSMRUN+6YGpAUehl1zE/VKtHUzxtZfX/M7dmZgNpARi8kmk7/0J61ZuIaFb0Cq81jw==
  dependencies:
    "@babel/runtime" "^7.16.3"
    "@polkadot/x-bigint" "8.1.2"
    "@polkadot/x-global" "8.1.2"
    "@polkadot/x-textdecoder" "8.1.2"
    "@polkadot/x-textencoder" "8.1.2"
    "@types/bn.js" "^4.11.6"
    bn.js "^4.12.0"
    ip-regex "^4.3.0"

"@polkadot/wasm-crypto-asmjs@^4.5.1":
  version "4.5.1"
  resolved "https://registry.npmmirror.com/@polkadot/wasm-crypto-asmjs/download/@polkadot/wasm-crypto-asmjs-4.5.1.tgz#e1025a49e106db11d1187caf65f56c960ea2ad2b"
  integrity sha512-DOdRiWhxVvmqTvp+E9z1j+Yr0zDOGsDvqnT/eNw0Dl1FVUOImsEa7FKns/urASmcxCVEE1jtUWSnij29jrORMQ==
  dependencies:
    "@babel/runtime" "^7.16.3"

"@polkadot/wasm-crypto-wasm@^4.5.1":
  version "4.5.1"
  resolved "https://registry.npmmirror.com/@polkadot/wasm-crypto-wasm/download/@polkadot/wasm-crypto-wasm-4.5.1.tgz#063a58ff7ddd939b7886a6a238109a8d2c416e46"
  integrity sha512-hPwke85HxpgG/RAlwdCE8u5w7bThvWg399mlB+XjogXMxOUWBZSgq2XYbgzROUXx27inK9nStF4Pnc4zJnqs9A==
  dependencies:
    "@babel/runtime" "^7.16.3"

"@polkadot/wasm-crypto@^4.4.1", "@polkadot/wasm-crypto@^4.5.1":
  version "4.5.1"
  resolved "https://registry.npmmirror.com/@polkadot/wasm-crypto/download/@polkadot/wasm-crypto-4.5.1.tgz#e1ac6d846a0ad8e991cec128994524183ef6e8fd"
  integrity sha512-Cr21ais3Kq3aedIHZ3J1tjgeD/+K8FCiwEawr0oRywNBSJR8wyuZMePs4swR/6xm8wbBkpqoBVHz/UQHqqQJmA==
  dependencies:
    "@babel/runtime" "^7.16.3"
    "@polkadot/wasm-crypto-asmjs" "^4.5.1"
    "@polkadot/wasm-crypto-wasm" "^4.5.1"

"@polkadot/x-bigint@8.1.2":
  version "8.1.2"
  resolved "https://registry.npmmirror.com/@polkadot/x-bigint/download/@polkadot/x-bigint-8.1.2.tgz#0451009736e069b45ef01a9259d56d4ddb11ad21"
  integrity sha512-MI9D/gXQQLqrdp66InZtkGDa+FYsrc+Dq0DzsRkGRE0hjX75C7OretNLm7zMG7IQYjiuBQkH8tnTE7I8k/KwDw==
  dependencies:
    "@babel/runtime" "^7.16.3"
    "@polkadot/x-global" "8.1.2"

"@polkadot/x-fetch@^8.1.2":
  version "8.1.2"
  resolved "https://registry.npmmirror.com/@polkadot/x-fetch/download/@polkadot/x-fetch-8.1.2.tgz#57fe7b91ca7183af52d83529a2941da63889f95e"
  integrity sha512-W92VrsApH1I/ams1gJMNJwaTp+WUzF/WPMZ84VSOw/pR+2P002zoMhAqmr8H4kpue2j/uowDpDUyjzp8taGrxg==
  dependencies:
    "@babel/runtime" "^7.16.3"
    "@polkadot/x-global" "8.1.2"
    "@types/node-fetch" "^2.5.12"
    node-fetch "^2.6.6"

"@polkadot/x-global@7.9.2":
  version "7.9.2"
  resolved "https://registry.npmmirror.com/@polkadot/x-global/download/@polkadot/x-global-7.9.2.tgz#b272b0a3bedaad3bcbf075ec4682abe68cf2a850"
  integrity sha512-JX5CrGWckHf1P9xKXq4vQCAuMUbL81l2hOWX7xeP8nv4caHEpmf5T1wD1iMdQBL5PFifo6Pg0V6/oZBB+bts7A==
  dependencies:
    "@babel/runtime" "^7.16.3"

"@polkadot/x-global@8.1.2", "@polkadot/x-global@^8.1.2":
  version "8.1.2"
  resolved "https://registry.npmmirror.com/@polkadot/x-global/download/@polkadot/x-global-8.1.2.tgz#e5de3d7bff2f5b689eb0858057007b334ddc2668"
  integrity sha512-prHFu2okMOrOvF4JtCjuHZ742yqim2ip6SuZqSEHrkbQPewXYquC51nXkscJygheTpQgrNt3dBuk5Y8jFWjUHg==
  dependencies:
    "@babel/runtime" "^7.16.3"

"@polkadot/x-noble-hashes@8.1.2":
  version "8.1.2"
  resolved "https://registry.npmmirror.com/@polkadot/x-noble-hashes/download/@polkadot/x-noble-hashes-8.1.2.tgz#d3f69c24dc6c6daa796421a99946be787b6dd38f"
  integrity sha512-Vj0d2ueyFgPnc4SrPP8oEQlp++DDHXMhNlSi7vupWBoehXoKnDpIb7UjZcL78lg+dF8U3/2iSb6DgfHS0lAK5w==
  dependencies:
    "@babel/runtime" "^7.16.3"

"@polkadot/x-noble-secp256k1@8.1.2":
  version "8.1.2"
  resolved "https://registry.npmmirror.com/@polkadot/x-noble-secp256k1/download/@polkadot/x-noble-secp256k1-8.1.2.tgz#1e29fbb01f2f01df62fccdfb4156f0d046a37799"
  integrity sha512-6fSXJDmEHxWmNQ55tnZTx6xbH1sFgCjJLxyIwLcqJuH9rgaNALloWbGvcG8C3NVbqh3REQRSC20vfabqVjrCpQ==
  dependencies:
    "@babel/runtime" "^7.16.3"

"@polkadot/x-randomvalues@7.9.2":
  version "7.9.2"
  resolved "https://registry.npmmirror.com/@polkadot/x-randomvalues/download/@polkadot/x-randomvalues-7.9.2.tgz#0c9bb7b48a0791c2a32e9605a31a5ce56fee621d"
  integrity sha512-svQfG31yCXf6yVyIgP0NgCzEy7oc3Lw054ZspkaqjOivxYdrXaf5w3JSSUyM/MRjI2+nk+B/EyJoMYcfSwTfsQ==
  dependencies:
    "@babel/runtime" "^7.16.3"
    "@polkadot/x-global" "7.9.2"

"@polkadot/x-randomvalues@8.1.2":
  version "8.1.2"
  resolved "https://registry.npmmirror.com/@polkadot/x-randomvalues/download/@polkadot/x-randomvalues-8.1.2.tgz#3e4573310c1ba4a7081d6fca2e9b2d5f976d7b94"
  integrity sha512-hYTGMLXIpAKRiEPcguv0e+ZXIfqUxl8TJQ8qItB/PxE58s1Xa9F+0lAuSCCAzfuJFBn6Qzr3nBkuGx+T/cTz9w==
  dependencies:
    "@babel/runtime" "^7.16.3"
    "@polkadot/x-global" "8.1.2"

"@polkadot/x-textdecoder@7.9.2":
  version "7.9.2"
  resolved "https://registry.npmmirror.com/@polkadot/x-textdecoder/download/@polkadot/x-textdecoder-7.9.2.tgz#a78548e33efeb3a25f761fec9787b2bcae7f0608"
  integrity sha512-wfwbSHXPhrOAl12QvlIOGNkMH/N/h8PId2ytIjvM/8zPPFB5Il6DWSFLtVapOGEpIFjEWbd5t8Td4pHBVXIEbg==
  dependencies:
    "@babel/runtime" "^7.16.3"
    "@polkadot/x-global" "7.9.2"

"@polkadot/x-textdecoder@8.1.2":
  version "8.1.2"
  resolved "https://registry.npmmirror.com/@polkadot/x-textdecoder/download/@polkadot/x-textdecoder-8.1.2.tgz#90b337fbd12c6d260e7b996d54cc08e2624fed88"
  integrity sha512-NuQepvIqEIeWPMdGry/ReJAEtXwWRt0qrX0xwYIoY7V1rR8vDVX66Q5YtG/i7/JLBydgabXA1GCj5k4sRpwakA==
  dependencies:
    "@babel/runtime" "^7.16.3"
    "@polkadot/x-global" "8.1.2"

"@polkadot/x-textencoder@7.9.2":
  version "7.9.2"
  resolved "https://registry.npmmirror.com/@polkadot/x-textencoder/download/@polkadot/x-textencoder-7.9.2.tgz#b32bfd6fbff8587c56452f58252a52d62bbcd5b9"
  integrity sha512-A19wwYINuZwU2dUyQ/mMzB0ISjyfc4cISfL4zCMUAVgj7xVoXMYV2GfjNdMpA8Wsjch3su6pxLbtJ2wU03sRTQ==
  dependencies:
    "@babel/runtime" "^7.16.3"
    "@polkadot/x-global" "7.9.2"

"@polkadot/x-textencoder@8.1.2":
  version "8.1.2"
  resolved "https://registry.npmmirror.com/@polkadot/x-textencoder/download/@polkadot/x-textencoder-8.1.2.tgz#dff8eab13b01508ba5797d6691c96e6a08b84a44"
  integrity sha512-8m+RvtxPEd4/vfHWuhTQyE/RbjN3NTbbrTQ0SMAPRM04NGauKXJOVA5A7WBJYJsj6bDlSaWSavOMJSzO5NKE8w==
  dependencies:
    "@babel/runtime" "^7.16.3"
    "@polkadot/x-global" "8.1.2"

"@polkadot/x-ws@^8.1.2":
  version "8.1.2"
  resolved "https://registry.npmmirror.com/@polkadot/x-ws/download/@polkadot/x-ws-8.1.2.tgz#8d8c62c15a0b09706f7b078c4443f48bcfc489d5"
  integrity sha512-9ELWRNbQL5WARAv9/m0mpdPc9ucN/xwgpPrQ4WSK+HMHswwrpmmq8mPlfIhGtw0ys5DQPgXXIYLGP50m0MNshA==
  dependencies:
    "@babel/runtime" "^7.16.3"
    "@polkadot/x-global" "8.1.2"
    "@types/websocket" "^1.0.4"
    websocket "^1.0.34"

"@tsconfig/node10@^1.0.7":
  version "1.0.8"
  resolved "https://registry.npmmirror.com/@tsconfig/node10/download/@tsconfig/node10-1.0.8.tgz#c1e4e80d6f964fbecb3359c43bd48b40f7cadad9"
  integrity sha1-weToDW+WT77LM1nEO9SLQPfK2tk=

"@tsconfig/node12@^1.0.7":
  version "1.0.9"
  resolved "https://registry.npmmirror.com/@tsconfig/node12/download/@tsconfig/node12-1.0.9.tgz#62c1f6dee2ebd9aead80dc3afa56810e58e1a04c"
  integrity sha1-YsH23uLr2a6tgNw6+laBDljhoEw=

"@tsconfig/node14@^1.0.0":
  version "1.0.1"
  resolved "https://registry.npmmirror.com/@tsconfig/node14/download/@tsconfig/node14-1.0.1.tgz#95f2d167ffb9b8d2068b0b235302fafd4df711f2"
  integrity sha1-lfLRZ/+5uNIGiwsjUwL6/U33EfI=

"@tsconfig/node16@^1.0.2":
  version "1.0.2"
  resolved "https://registry.npmmirror.com/@tsconfig/node16/download/@tsconfig/node16-1.0.2.tgz#423c77877d0569db20e1fc80885ac4118314010e"
  integrity sha1-Qjx3h30Fadsg4fyAiFrEEYMUAQ4=

"@types/bn.js@^4.11.6":
  version "4.11.6"
  resolved "https://registry.npmmirror.com/@types/bn.js/download/@types/bn.js-4.11.6.tgz#c306c70d9358aaea33cd4eda092a742b9505967c"
  integrity sha1-wwbHDZNYquozzU7aCSp0K5UFlnw=
  dependencies:
    "@types/node" "*"

"@types/find-up@^4.0.0":
  version "4.0.0"
  resolved "https://registry.npmmirror.com/@types/find-up/download/@types/find-up-4.0.0.tgz#6b74a76670477a23f0793cfaf2dafc86df59723a"
  integrity sha1-a3SnZnBHeiPweTz68tr8ht9Zcjo=
  dependencies:
    find-up "*"

"@types/node-fetch@^2.5.12":
  version "2.5.12"
  resolved "https://registry.npmmirror.com/@types/node-fetch/download/@types/node-fetch-2.5.12.tgz#8a6f779b1d4e60b7a57fb6fd48d84fb545b9cc66"
  integrity sha1-im93mx1OYLelf7b9SNhPtUW5zGY=
  dependencies:
    "@types/node" "*"
    form-data "^3.0.0"

"@types/node@*":
  version "17.0.0"
  resolved "https://registry.npmmirror.com/@types/node/download/@types/node-17.0.0.tgz#62797cee3b8b497f6547503b2312254d4fe3c2bb"
  integrity sha512-eMhwJXc931Ihh4tkU+Y7GiLzT/y/DBNpNtr4yU9O2w3SYBsr9NaOPhQlLKRmoWtI54uNwuo0IOUFQjVOTZYRvw==

"@types/websocket@^1.0.4":
  version "1.0.4"
  resolved "https://registry.npmmirror.com/@types/websocket/download/@types/websocket-1.0.4.tgz#1dc497280d8049a5450854dd698ee7e6ea9e60b8"
  integrity sha1-HcSXKA2ASaVFCFTdaY7n5uqeYLg=
  dependencies:
    "@types/node" "*"

acorn-walk@^8.1.1:
  version "8.2.0"
  resolved "https://registry.npmmirror.com/acorn-walk/download/acorn-walk-8.2.0.tgz#741210f2e2426454508853a2f44d0ab83b7f69c1"
  integrity sha1-dBIQ8uJCZFRQiFOi9E0KuDt/acE=

acorn@^8.4.1:
  version "8.6.0"
  resolved "https://registry.npmmirror.com/acorn/download/acorn-8.6.0.tgz?cache=0&sync_timestamp=1637225522161&other_urls=https%3A%2F%2Fregistry.npmmirror.com%2Facorn%2Fdownload%2Facorn-8.6.0.tgz#e3692ba0eb1a0c83eaa4f37f5fa7368dd7142895"
  integrity sha512-U1riIR+lBSNi3IbxtaHOIKdH8sLFv3NYfNv8sg7ZsNhcfl4HF2++BfqqrNAxoCLQW1iiylOj76ecnaUxz+z9yw==

arg@^4.1.0:
  version "4.1.3"
  resolved "https://registry.npmmirror.com/arg/download/arg-4.1.3.tgz#269fc7ad5b8e42cb63c896d5666017261c144089"
  integrity sha1-Jp/HrVuOQstjyJbVZmAXJhwUQIk=

asynckit@^0.4.0:
  version "0.4.0"
  resolved "https://registry.npmmirror.com/asynckit/download/asynckit-0.4.0.tgz#c79ed97f7f34cb8f2ba1bc9790bcc366474b4b79"
  integrity sha1-x57Zf380y48robyXkLzDZkdLS3k=

blakejs@^1.1.1:
  version "1.1.1"
  resolved "https://registry.npmmirror.com/blakejs/download/blakejs-1.1.1.tgz#bf313053978b2cd4c444a48795710be05c785702"
  integrity sha1-vzEwU5eLLNTERKSHlXEL4Fx4VwI=

bn.js@^4.11.9, bn.js@^4.12.0:
  version "4.12.0"
  resolved "https://registry.npmmirror.com/bn.js/download/bn.js-4.12.0.tgz#775b3f278efbb9718eec7361f483fb36fbbfea88"
  integrity sha1-d1s/J477uXGO7HNh9IP7Nvu/6og=

brorand@^1.1.0:
  version "1.1.0"
  resolved "https://registry.npmmirror.com/brorand/download/brorand-1.1.0.tgz#12c25efe40a45e3c323eb8675a0a0ce57b22371f"
  integrity sha1-EsJe/kCkXjwyPrhnWgoM5XsiNx8=

bufferutil@^4.0.1:
  version "4.0.5"
  resolved "https://registry.npmmirror.com/bufferutil/download/bufferutil-4.0.5.tgz#da9ea8166911cc276bf677b8aed2d02d31f59028"
  integrity sha1-2p6oFmkRzCdr9ne4rtLQLTH1kCg=
  dependencies:
    node-gyp-build "^4.3.0"

camelcase@^6.2.1:
  version "6.2.1"
  resolved "https://registry.npmmirror.com/camelcase/download/camelcase-6.2.1.tgz?cache=0&sync_timestamp=1636945183951&other_urls=https%3A%2F%2Fregistry.npmmirror.com%2Fcamelcase%2Fdownload%2Fcamelcase-6.2.1.tgz#250fd350cfd555d0d2160b1d51510eaf8326e86e"
  integrity sha512-tVI4q5jjFV5CavAU8DXfza/TJcZutVKo/5Foskmsqcm0MsL91moHvwiGNnqaa2o6PF/7yT5ikDRcVcl8Rj6LCA==

cipher-base@^1.0.1:
  version "1.0.4"
  resolved "https://registry.npmmirror.com/cipher-base/download/cipher-base-1.0.4.tgz#8760e4ecc272f4c363532f926d874aae2c1397de"
  integrity sha1-h2Dk7MJy9MNjUy+SbYdKriwTl94=
  dependencies:
    inherits "^2.0.1"
    safe-buffer "^5.0.1"

combined-stream@^1.0.8:
  version "1.0.8"
  resolved "https://registry.npmmirror.com/combined-stream/download/combined-stream-1.0.8.tgz#c3d45a8b34fd730631a110a8a2520682b31d5a7f"
  integrity sha1-w9RaizT9cwYxoRCoolIGgrMdWn8=
  dependencies:
    delayed-stream "~1.0.0"

create-hash@^1.2.0:
  version "1.2.0"
  resolved "https://registry.npmmirror.com/create-hash/download/create-hash-1.2.0.tgz#889078af11a63756bcfb59bd221996be3a9ef196"
  integrity sha1-iJB4rxGmN1a8+1m9IhmWvjqe8ZY=
  dependencies:
    cipher-base "^1.0.1"
    inherits "^2.0.1"
    md5.js "^1.3.4"
    ripemd160 "^2.0.1"
    sha.js "^2.4.0"

create-require@^1.1.0:
  version "1.1.1"
  resolved "https://registry.npmmirror.com/create-require/download/create-require-1.1.1.tgz#c1d7e8f1e5f6cfc9ff65f9cd352d37348756c333"
  integrity sha1-wdfo8eX2z8n/ZfnNNS03NIdWwzM=

cuint@^0.2.2:
  version "0.2.2"
  resolved "https://registry.npmmirror.com/cuint/download/cuint-0.2.2.tgz#408086d409550c2631155619e9fa7bcadc3b991b"
  integrity sha1-QICG1AlVDCYxFVYZ6fp7ytw7mRs=

d@1, d@^1.0.1:
  version "1.0.1"
  resolved "https://registry.npmmirror.com/d/download/d-1.0.1.tgz#8698095372d58dbee346ffd0c7093f99f8f9eb5a"
  integrity sha1-hpgJU3LVjb7jRv/Qxwk/mfj561o=
  dependencies:
    es5-ext "^0.10.50"
    type "^1.0.1"

debug@^2.2.0:
  version "2.6.9"
  resolved "https://registry.npmmirror.com/debug/download/debug-2.6.9.tgz#5d128515df134ff327e90a4c93f4e077a536341f"
  integrity sha1-XRKFFd8TT/Mn6QpMk/Tgd6U2NB8=
  dependencies:
    ms "2.0.0"

delayed-stream@~1.0.0:
  version "1.0.0"
  resolved "https://registry.npmmirror.com/delayed-stream/download/delayed-stream-1.0.0.tgz#df3ae199acadfb7d440aaae0b29e2272b24ec619"
  integrity sha1-3zrhmayt+31ECqrgsp4icrJOxhk=

diff@^4.0.1:
  version "4.0.2"
  resolved "https://registry.npmmirror.com/diff/download/diff-4.0.2.tgz#60f3aecb89d5fae520c11aa19efc2bb982aade7d"
  integrity sha1-YPOuy4nV+uUgwRqhnvwruYKq3n0=

ed2curve@^0.3.0:
  version "0.3.0"
  resolved "https://registry.npmmirror.com/ed2curve/download/ed2curve-0.3.0.tgz#322b575152a45305429d546b071823a93129a05d"
  integrity sha1-MitXUVKkUwVCnVRrBxgjqTEpoF0=
  dependencies:
    tweetnacl "1.x.x"

elliptic@^6.5.4:
  version "6.5.4"
  resolved "https://registry.npmmirror.com/elliptic/download/elliptic-6.5.4.tgz#da37cebd31e79a1367e941b592ed1fbebd58abbb"
  integrity sha1-2jfOvTHnmhNn6UG1ku0fvr1Yq7s=
  dependencies:
    bn.js "^4.11.9"
    brorand "^1.1.0"
    hash.js "^1.0.0"
    hmac-drbg "^1.0.1"
    inherits "^2.0.4"
    minimalistic-assert "^1.0.1"
    minimalistic-crypto-utils "^1.0.1"

es5-ext@^0.10.35, es5-ext@^0.10.50:
  version "0.10.53"
  resolved "https://registry.npmmirror.com/es5-ext/download/es5-ext-0.10.53.tgz#93c5a3acfdbef275220ad72644ad02ee18368de1"
  integrity sha1-k8WjrP2+8nUiCtcmRK0C7hg2jeE=
  dependencies:
    es6-iterator "~2.0.3"
    es6-symbol "~3.1.3"
    next-tick "~1.0.0"

es6-iterator@~2.0.3:
  version "2.0.3"
  resolved "https://registry.npmmirror.com/es6-iterator/download/es6-iterator-2.0.3.tgz#a7de889141a05a94b0854403b2d0a0fbfa98f3b7"
  integrity sha1-p96IkUGgWpSwhUQDstCg+/qY87c=
  dependencies:
    d "1"
    es5-ext "^0.10.35"
    es6-symbol "^3.1.1"

es6-symbol@^3.1.1, es6-symbol@~3.1.3:
  version "3.1.3"
  resolved "https://registry.npmmirror.com/es6-symbol/download/es6-symbol-3.1.3.tgz#bad5d3c1bcdac28269f4cb331e431c78ac705d18"
  integrity sha1-utXTwbzawoJp9MszHkMceKxwXRg=
  dependencies:
    d "^1.0.1"
    ext "^1.1.2"

eventemitter3@^4.0.7:
  version "4.0.7"
  resolved "https://registry.npmmirror.com/eventemitter3/download/eventemitter3-4.0.7.tgz#2de9b68f6528d5644ef5c59526a1b4a07306169f"
  integrity sha1-Lem2j2Uo1WRO9cWVJqG0oHMGFp8=

ext@^1.1.2:
  version "1.6.0"
  resolved "https://registry.npmmirror.com/ext/download/ext-1.6.0.tgz#3871d50641e874cc172e2b53f919842d19db4c52"
  integrity sha1-OHHVBkHodMwXLitT+RmELRnbTFI=
  dependencies:
    type "^2.5.0"

find-up@*:
  version "6.2.0"
  resolved "https://registry.npmmirror.com/find-up/download/find-up-6.2.0.tgz?cache=0&sync_timestamp=1633620159442&other_urls=https%3A%2F%2Fregistry.npmmirror.com%2Ffind-up%2Fdownload%2Ffind-up-6.2.0.tgz#f3b81d633fa83bebe64f83a8bab357f86d5914be"
  integrity sha1-87gdYz+oO+vmT4OourNX+G1ZFL4=
  dependencies:
    locate-path "^7.0.0"
    path-exists "^5.0.0"

find-up@^5.0.0:
  version "5.0.0"
  resolved "https://registry.npmmirror.com/find-up/download/find-up-5.0.0.tgz?cache=0&sync_timestamp=1633620159442&other_urls=https%3A%2F%2Fregistry.npmmirror.com%2Ffind-up%2Fdownload%2Ffind-up-5.0.0.tgz#4c92819ecb7083561e4f4a240a86be5198f536fc"
  integrity sha1-TJKBnstwg1YeT0okCoa+UZj1Nvw=
  dependencies:
    locate-path "^6.0.0"
    path-exists "^4.0.0"

form-data@^3.0.0:
  version "3.0.1"
  resolved "https://registry.npmmirror.com/form-data/download/form-data-3.0.1.tgz#ebd53791b78356a99af9a300d4282c4d5eb9755f"
  integrity sha1-69U3kbeDVqma+aMA1CgsTV65dV8=
  dependencies:
    asynckit "^0.4.0"
    combined-stream "^1.0.8"
    mime-types "^2.1.12"

hash-base@^3.0.0:
  version "3.1.0"
  resolved "https://registry.npmmirror.com/hash-base/download/hash-base-3.1.0.tgz#55c381d9e06e1d2997a883b4a3fddfe7f0d3af33"
  integrity sha1-VcOB2eBuHSmXqIO0o/3f5/DTrzM=
  dependencies:
    inherits "^2.0.4"
    readable-stream "^3.6.0"
    safe-buffer "^5.2.0"

hash.js@^1.0.0, hash.js@^1.0.3, hash.js@^1.1.7:
  version "1.1.7"
  resolved "https://registry.npmmirror.com/hash.js/download/hash.js-1.1.7.tgz#0babca538e8d4ee4a0f8988d68866537a003cf42"
  integrity sha1-C6vKU46NTuSg+JiNaIZlN6ADz0I=
  dependencies:
    inherits "^2.0.3"
    minimalistic-assert "^1.0.1"

hmac-drbg@^1.0.1:
  version "1.0.1"
  resolved "https://registry.npmmirror.com/hmac-drbg/download/hmac-drbg-1.0.1.tgz#d2745701025a6c775a6c545793ed502fc0c649a1"
  integrity sha1-0nRXAQJabHdabFRXk+1QL8DGSaE=
  dependencies:
    hash.js "^1.0.3"
    minimalistic-assert "^1.0.0"
    minimalistic-crypto-utils "^1.0.1"

inherits@^2.0.1, inherits@^2.0.3, inherits@^2.0.4:
  version "2.0.4"
  resolved "https://registry.npmmirror.com/inherits/download/inherits-2.0.4.tgz#0fa2c64f932917c3433a0ded55363aae37416b7c"
  integrity sha1-D6LGT5MpF8NDOg3tVTY6rjdBa3w=

ip-regex@^4.3.0:
  version "4.3.0"
  resolved "https://registry.npmmirror.com/ip-regex/download/ip-regex-4.3.0.tgz#687275ab0f57fa76978ff8f4dddc8a23d5990db5"
  integrity sha1-aHJ1qw9X+naXj/j03dyKI9WZDbU=

is-typedarray@^1.0.0:
  version "1.0.0"
  resolved "https://registry.npmmirror.com/is-typedarray/download/is-typedarray-1.0.0.tgz#e479c80858df0c1b11ddda6940f96011fcda4a9a"
  integrity sha1-5HnICFjfDBsR3dppQPlgEfzaSpo=

js-sha3@^0.8.0:
  version "0.8.0"
  resolved "https://registry.npmmirror.com/js-sha3/download/js-sha3-0.8.0.tgz#b9b7a5da73afad7dedd0f8c463954cbde6818840"
  integrity sha1-ubel2nOvrX3t0PjEY5VMveaBiEA=

locate-path@^6.0.0:
  version "6.0.0"
  resolved "https://registry.npmmirror.com/locate-path/download/locate-path-6.0.0.tgz#55321eb309febbc59c4801d931a72452a681d286"
  integrity sha1-VTIeswn+u8WcSAHZMackUqaB0oY=
  dependencies:
    p-locate "^5.0.0"

locate-path@^7.0.0:
  version "7.0.0"
  resolved "https://registry.npmmirror.com/locate-path/download/locate-path-7.0.0.tgz#f0a60c8dd7ef0f737699eb9461b9567a92bc97da"
  integrity sha1-8KYMjdfvD3N2meuUYblWepK8l9o=
  dependencies:
    p-locate "^6.0.0"

make-error@^1.1.1:
  version "1.3.6"
  resolved "https://registry.npmmirror.com/make-error/download/make-error-1.3.6.tgz#2eb2e37ea9b67c4891f684a1394799af484cf7a2"
  integrity sha1-LrLjfqm2fEiR9oShOUeZr0hM96I=

md5.js@^1.3.4:
  version "1.3.5"
  resolved "https://registry.npmmirror.com/md5.js/download/md5.js-1.3.5.tgz#b5d07b8e3216e3e27cd728d72f70d1e6a342005f"
  integrity sha1-tdB7jjIW4+J81yjXL3DR5qNCAF8=
  dependencies:
    hash-base "^3.0.0"
    inherits "^2.0.1"
    safe-buffer "^5.1.2"

micro-base@^0.9.0:
  version "0.9.0"
  resolved "https://registry.npmmirror.com/micro-base/download/micro-base-0.9.0.tgz#09cfe20285bec0ea97f41dc3d10e3fba3d0266ee"
  integrity sha1-Cc/iAoW+wOqX9B3D0Q4/uj0CZu4=

mime-db@1.51.0:
  version "1.51.0"
  resolved "https://registry.npmmirror.com/mime-db/download/mime-db-1.51.0.tgz?cache=0&sync_timestamp=1636426011941&other_urls=https%3A%2F%2Fregistry.npmmirror.com%2Fmime-db%2Fdownload%2Fmime-db-1.51.0.tgz#d9ff62451859b18342d960850dc3cfb77e63fb0c"
  integrity sha512-5y8A56jg7XVQx2mbv1lu49NR4dokRnhZYTtL+KGfaa27uq4pSTXkwQkFJl4pkRMyNFz/EtYDSkiiEHx3F7UN6g==

mime-types@^2.1.12:
  version "2.1.34"
  resolved "https://registry.npmmirror.com/mime-types/download/mime-types-2.1.34.tgz?cache=0&sync_timestamp=1636432243934&other_urls=https%3A%2F%2Fregistry.npmmirror.com%2Fmime-types%2Fdownload%2Fmime-types-2.1.34.tgz#5a712f9ec1503511a945803640fafe09d3793c24"
  integrity sha512-6cP692WwGIs9XXdOO4++N+7qjqv0rqxxVvJ3VHPh/Sc9mVZcQP+ZGhkKiTvWMQRr2tbHkJP/Yn7Y0npb3ZBs4A==
  dependencies:
    mime-db "1.51.0"

minimalistic-assert@^1.0.0, minimalistic-assert@^1.0.1:
  version "1.0.1"
  resolved "https://registry.npmmirror.com/minimalistic-assert/download/minimalistic-assert-1.0.1.tgz#2e194de044626d4a10e7f7fbc00ce73e83e4d5c7"
  integrity sha1-LhlN4ERibUoQ5/f7wAznPoPk1cc=

minimalistic-crypto-utils@^1.0.1:
  version "1.0.1"
  resolved "https://registry.npmmirror.com/minimalistic-crypto-utils/download/minimalistic-crypto-utils-1.0.1.tgz#f6c00c1c0b082246e5c4d99dfb8c7c083b2b582a"
  integrity sha1-9sAMHAsIIkblxNmd+4x8CDsrWCo=

ms@2.0.0:
  version "2.0.0"
  resolved "https://registry.npmmirror.com/ms/download/ms-2.0.0.tgz#5608aeadfc00be6c2901df5f9861788de0d597c8"
  integrity sha1-VgiurfwAvmwpAd9fmGF4jeDVl8g=

next-tick@~1.0.0:
  version "1.0.0"
  resolved "https://registry.npmmirror.com/next-tick/download/next-tick-1.0.0.tgz#ca86d1fe8828169b0120208e3dc8424b9db8342c"
  integrity sha1-yobR/ogoFpsBICCOPchCS524NCw=

node-fetch@^2.6.6:
  version "2.6.6"
  resolved "https://registry.npmmirror.com/node-fetch/download/node-fetch-2.6.6.tgz#1751a7c01834e8e1697758732e9efb6eeadfaf89"
  integrity sha1-F1GnwBg06OFpd1hzLp77burfr4k=
  dependencies:
    whatwg-url "^5.0.0"

node-gyp-build@^4.3.0:
  version "4.3.0"
  resolved "https://registry.npmmirror.com/node-gyp-build/download/node-gyp-build-4.3.0.tgz#9f256b03e5826150be39c764bf51e993946d71a3"
  integrity sha1-nyVrA+WCYVC+Ocdkv1Hpk5RtcaM=

p-limit@^3.0.2:
  version "3.1.0"
  resolved "https://registry.npmmirror.com/p-limit/download/p-limit-3.1.0.tgz#e1daccbe78d0d1388ca18c64fea38e3e57e3706b"
  integrity sha1-4drMvnjQ0TiMoYxk/qOOPlfjcGs=
  dependencies:
    yocto-queue "^0.1.0"

p-limit@^4.0.0:
  version "4.0.0"
  resolved "https://registry.npmmirror.com/p-limit/download/p-limit-4.0.0.tgz#914af6544ed32bfa54670b061cafcbd04984b644"
  integrity sha1-kUr2VE7TK/pUZwsGHK/L0EmEtkQ=
  dependencies:
    yocto-queue "^1.0.0"

p-locate@^5.0.0:
  version "5.0.0"
  resolved "https://registry.npmmirror.com/p-locate/download/p-locate-5.0.0.tgz#83c8315c6785005e3bd021839411c9e110e6d834"
  integrity sha1-g8gxXGeFAF470CGDlBHJ4RDm2DQ=
  dependencies:
    p-limit "^3.0.2"

p-locate@^6.0.0:
  version "6.0.0"
  resolved "https://registry.npmmirror.com/p-locate/download/p-locate-6.0.0.tgz#3da9a49d4934b901089dca3302fa65dc5a05c04f"
  integrity sha1-PamknUk0uQEIncozAvpl3FoFwE8=
  dependencies:
    p-limit "^4.0.0"

path-exists@^4.0.0:
  version "4.0.0"
  resolved "https://registry.npmmirror.com/path-exists/download/path-exists-4.0.0.tgz#513bdbe2d3b95d7762e8c1137efa195c6c61b5b3"
  integrity sha1-UTvb4tO5XXdi6METfvoZXGxhtbM=

path-exists@^5.0.0:
  version "5.0.0"
  resolved "https://registry.npmmirror.com/path-exists/download/path-exists-5.0.0.tgz#a6aad9489200b21fab31e49cf09277e5116fb9e7"
  integrity sha1-pqrZSJIAsh+rMeSc8JJ35RFvuec=

readable-stream@^3.6.0:
  version "3.6.0"
  resolved "https://registry.npmmirror.com/readable-stream/download/readable-stream-3.6.0.tgz#337bbda3adc0706bd3e024426a286d4b4b2c9198"
  integrity sha1-M3u9o63AcGvT4CRCaihtS0sskZg=
  dependencies:
    inherits "^2.0.3"
    string_decoder "^1.1.1"
    util-deprecate "^1.0.1"

regenerator-runtime@^0.13.4:
  version "0.13.9"
  resolved "https://registry.npmmirror.com/regenerator-runtime/download/regenerator-runtime-0.13.9.tgz#8925742a98ffd90814988d7566ad30ca3b263b52"
  integrity sha1-iSV0Kpj/2QgUmI11Zq0wyjsmO1I=

ripemd160@^2.0.1:
  version "2.0.2"
  resolved "https://registry.npmmirror.com/ripemd160/download/ripemd160-2.0.2.tgz#a1c1a6f624751577ba5d07914cbc92850585890c"
  integrity sha1-ocGm9iR1FXe6XQeRTLyShQWFiQw=
  dependencies:
    hash-base "^3.0.0"
    inherits "^2.0.1"

rxjs@^7.4.0:
  version "7.4.0"
  resolved "https://registry.npmmirror.com/rxjs/download/rxjs-7.4.0.tgz#a12a44d7eebf016f5ff2441b87f28c9a51cebc68"
  integrity sha1-oSpE1+6/AW9f8kQbh/KMmlHOvGg=
  dependencies:
    tslib "~2.1.0"

safe-buffer@^5.0.1, safe-buffer@^5.1.2, safe-buffer@^5.2.0, safe-buffer@~5.2.0:
  version "5.2.1"
  resolved "https://registry.npmmirror.com/safe-buffer/download/safe-buffer-5.2.1.tgz#1eaf9fa9bdb1fdd4ec75f58f9cdb4e6b7827eec6"
  integrity sha1-Hq+fqb2x/dTsdfWPnNtOa3gn7sY=

scryptsy@^2.1.0:
  version "2.1.0"
  resolved "https://registry.npmmirror.com/scryptsy/download/scryptsy-2.1.0.tgz#8d1e8d0c025b58fdd25b6fa9a0dc905ee8faa790"
  integrity sha1-jR6NDAJbWP3SW2+poNyQXuj6p5A=

sha.js@^2.4.0:
  version "2.4.11"
  resolved "https://registry.npmmirror.com/sha.js/download/sha.js-2.4.11.tgz#37a5cf0b81ecbc6943de109ba2960d1b26584ae7"
  integrity sha1-N6XPC4HsvGlD3hCbopYNGyZYSuc=
  dependencies:
    inherits "^2.0.1"
    safe-buffer "^5.0.1"

string_decoder@^1.1.1:
  version "1.3.0"
  resolved "https://registry.npmmirror.com/string_decoder/download/string_decoder-1.3.0.tgz#42f114594a46cf1a8e30b0a84f56c78c3edac21e"
  integrity sha1-QvEUWUpGzxqOMLCoT1bHjD7awh4=
  dependencies:
    safe-buffer "~5.2.0"

tr46@~0.0.3:
  version "0.0.3"
  resolved "https://registry.npmmirror.com/tr46/download/tr46-0.0.3.tgz#8184fd347dac9cdc185992f3a6622e14b9d9ab6a"
  integrity sha1-gYT9NH2snNwYWZLzpmIuFLnZq2o=

ts-node@^10.4.0:
  version "10.4.0"
  resolved "https://registry.npmmirror.com/ts-node/download/ts-node-10.4.0.tgz#680f88945885f4e6cf450e7f0d6223dd404895f7"
  integrity sha1-aA+IlFiF9ObPRQ5/DWIj3UBIlfc=
  dependencies:
    "@cspotcode/source-map-support" "0.7.0"
    "@tsconfig/node10" "^1.0.7"
    "@tsconfig/node12" "^1.0.7"
    "@tsconfig/node14" "^1.0.0"
    "@tsconfig/node16" "^1.0.2"
    acorn "^8.4.1"
    acorn-walk "^8.1.1"
    arg "^4.1.0"
    create-require "^1.1.0"
    diff "^4.0.1"
    make-error "^1.1.1"
    yn "3.1.1"

tslib@~2.1.0:
  version "2.1.0"
  resolved "https://registry.npmmirror.com/tslib/download/tslib-2.1.0.tgz#da60860f1c2ecaa5703ab7d39bc05b6bf988b97a"
  integrity sha1-2mCGDxwuyqVwOrfTm8Bba/mIuXo=

tweetnacl@1.x.x, tweetnacl@^1.0.3:
  version "1.0.3"
  resolved "https://registry.npmmirror.com/tweetnacl/download/tweetnacl-1.0.3.tgz#ac0af71680458d8a6378d0d0d050ab1407d35596"
  integrity sha1-rAr3FoBFjYpjeNDQ0FCrFAfTVZY=

type@^1.0.1:
  version "1.2.0"
  resolved "https://registry.npmmirror.com/type/download/type-1.2.0.tgz#848dd7698dafa3e54a6c479e759c4bc3f18847a0"
  integrity sha1-hI3XaY2vo+VKbEeedZxLw/GIR6A=

type@^2.5.0:
  version "2.5.0"
  resolved "https://registry.npmmirror.com/type/download/type-2.5.0.tgz#0a2e78c2e77907b252abe5f298c1b01c63f0db3d"
  integrity sha1-Ci54wud5B7JSq+XymMGwHGPw2z0=

typedarray-to-buffer@^3.1.5:
  version "3.1.5"
  resolved "https://registry.npmmirror.com/typedarray-to-buffer/download/typedarray-to-buffer-3.1.5.tgz#a97ee7a9ff42691b9f783ff1bc5112fe3fca9080"
  integrity sha1-qX7nqf9CaRufeD/xvFES/j/KkIA=
  dependencies:
    is-typedarray "^1.0.0"

typescript@^4.5.2:
  version "4.5.4"
  resolved "https://registry.npmmirror.com/typescript/download/typescript-4.5.4.tgz#a17d3a0263bf5c8723b9c52f43c5084edf13c2e8"
  integrity sha512-VgYs2A2QIRuGphtzFV7aQJduJ2gyfTljngLzjpfW9FoYZF6xuw1W0vW9ghCKLfcWrCFxK81CSGRAvS1pn4fIUg==

utf-8-validate@^5.0.2:
  version "5.0.7"
  resolved "https://registry.npmmirror.com/utf-8-validate/download/utf-8-validate-5.0.7.tgz#c15a19a6af1f7ad9ec7ddc425747ca28c3644922"
  integrity sha1-wVoZpq8fetnsfdxCV0fKKMNkSSI=
  dependencies:
    node-gyp-build "^4.3.0"

util-deprecate@^1.0.1:
  version "1.0.2"
  resolved "https://registry.npmmirror.com/util-deprecate/download/util-deprecate-1.0.2.tgz#450d4dc9fa70de732762fbd2d4a28981419a0ccf"
  integrity sha1-RQ1Nyfpw3nMnYvvS1KKJgUGaDM8=

webidl-conversions@^3.0.0:
  version "3.0.1"
  resolved "https://registry.npmmirror.com/webidl-conversions/download/webidl-conversions-3.0.1.tgz#24534275e2a7bc6be7bc86611cc16ae0a5654871"
  integrity sha1-JFNCdeKnvGvnvIZhHMFq4KVlSHE=

websocket@^1.0.34:
  version "1.0.34"
  resolved "https://registry.npmmirror.com/websocket/download/websocket-1.0.34.tgz#2bdc2602c08bf2c82253b730655c0ef7dcab3111"
  integrity sha1-K9wmAsCL8sgiU7cwZVwO99yrMRE=
  dependencies:
    bufferutil "^4.0.1"
    debug "^2.2.0"
    es5-ext "^0.10.50"
    typedarray-to-buffer "^3.1.5"
    utf-8-validate "^5.0.2"
    yaeti "^0.0.6"

whatwg-url@^5.0.0:
  version "5.0.0"
  resolved "https://registry.npmmirror.com/whatwg-url/download/whatwg-url-5.0.0.tgz#966454e8765462e37644d3626f6742ce8b70965d"
  integrity sha1-lmRU6HZUYuN2RNNib2dCzotwll0=
  dependencies:
    tr46 "~0.0.3"
    webidl-conversions "^3.0.0"

xxhashjs@^0.2.2:
  version "0.2.2"
  resolved "https://registry.npmmirror.com/xxhashjs/download/xxhashjs-0.2.2.tgz#8a6251567621a1c46a5ae204da0249c7f8caa9d8"
  integrity sha1-imJRVnYhocRqWuIE2gJJx/jKqdg=
  dependencies:
    cuint "^0.2.2"

yaeti@^0.0.6:
  version "0.0.6"
  resolved "https://registry.npmmirror.com/yaeti/download/yaeti-0.0.6.tgz#f26f484d72684cf42bedfb76970aa1608fbf9577"
  integrity sha1-8m9ITXJoTPQr7ft2lwqhYI+/lXc=

yn@3.1.1:
  version "3.1.1"
  resolved "https://registry.npmmirror.com/yn/download/yn-3.1.1.tgz#1e87401a09d767c1d5eab26a6e4c185182d2eb50"
  integrity sha1-HodAGgnXZ8HV6rJqbkwYUYLS61A=

yocto-queue@^0.1.0:
  version "0.1.0"
  resolved "https://registry.npmmirror.com/yocto-queue/download/yocto-queue-0.1.0.tgz?cache=0&sync_timestamp=1632753523520&other_urls=https%3A%2F%2Fregistry.npmmirror.com%2Fyocto-queue%2Fdownload%2Fyocto-queue-0.1.0.tgz#0294eb3dee05028d31ee1a5fa2c556a6aaf10a1b"
  integrity sha1-ApTrPe4FAo0x7hpfosVWpqrxChs=

yocto-queue@^1.0.0:
  version "1.0.0"
  resolved "https://registry.npmmirror.com/yocto-queue/download/yocto-queue-1.0.0.tgz?cache=0&sync_timestamp=1632753523520&other_urls=https%3A%2F%2Fregistry.npmmirror.com%2Fyocto-queue%2Fdownload%2Fyocto-queue-1.0.0.tgz#7f816433fb2cbc511ec8bf7d263c3b58a1a3c251"
  integrity sha1-f4FkM/ssvFEeyL99Jjw7WKGjwlE=
