# THIS IS AN AUTOGENERATED FILE. DO NOT EDIT THIS FILE DIRECTLY.
# yarn lockfile v1


"@babel/runtime@^7.16.3", "@babel/runtime@^7.16.5":
  version "7.16.7"
  resolved "https://registry.yarnpkg.com/@babel/runtime/-/runtime-7.16.7.tgz#03ff99f64106588c9c403c6ecb8c3bafbbdff1fa"
  integrity sha512-9E9FJowqAsytyOY6LG+1KuueckRL+aQW+mKvXRXnuFGyRAyepJPmEo9vgMfXUA6O9u3IeEdv9MAkppFcaQwogQ==
  dependencies:
    regenerator-runtime "^0.13.4"

"@chainsafe/filecoindot-types@0.1.0":
  version "0.1.0"
  resolved "https://registry.yarnpkg.com/@chainsafe/filecoindot-types/-/filecoindot-types-0.1.0.tgz#7f55b173024fc39d25909f1cd12f7f98497ea923"
  integrity sha512-j3PvwA1FD0AcXseHl37zE2NL/1wjQM3oQtLno11J3ZDcpKGvldPa6ppHSMHnn8opESKngLomk6exzIlXQYnWFQ==

"@cspotcode/source-map-consumer@0.8.0":
  version "0.8.0"
  resolved "https://registry.yarnpkg.com/@cspotcode/source-map-consumer/-/source-map-consumer-0.8.0.tgz#33bf4b7b39c178821606f669bbc447a6a629786b"
  integrity sha512-41qniHzTU8yAGbCp04ohlmSrZf8bkf/iJsl3V0dRGsQN/5GFfx+LbCSsCpp2gqrqjTVg/K6O8ycoV35JIwAzAg==

"@cspotcode/source-map-support@0.7.0":
  version "0.7.0"
  resolved "https://registry.yarnpkg.com/@cspotcode/source-map-support/-/source-map-support-0.7.0.tgz#4789840aa859e46d2f3173727ab707c66bf344f5"
  integrity sha512-X4xqRHqN8ACt2aHVe51OxeA2HjbcL4MqFqXkrmQszJ1NOUuUu5u6Vqx/0lZSVNku7velL5FC/s5uEAj1lsBMhA==
  dependencies:
    "@cspotcode/source-map-consumer" "0.8.0"

"@noble/hashes@^0.4.5":
  version "0.4.5"
  resolved "https://registry.yarnpkg.com/@noble/hashes/-/hashes-0.4.5.tgz#f69a963b0c59c1145bc5aca1f3eef58a48bf9a59"
  integrity sha512-oK/2b9gHb1CfiFwpPHQs010WgROn4ioilT7TFwxMVwuDaXEJP3QPhyedYbOpgM4JDBgT9n5gaispBQlkaAgT6g==

"@noble/secp256k1@^1.3.4":
  version "1.4.0"
  resolved "https://registry.yarnpkg.com/@noble/secp256k1/-/secp256k1-1.4.0.tgz#b6b1529552c38e42908a88e39ac691598e741cf9"
  integrity sha512-cYpUbQ2uitPgf5QuQnpi8Nu+ZmQjSDunFKw6vvxaOSkbMUhCf4K723WLUuuK1K/sf6H/dvqKbmEAeop5i3qTJg==

"@polkadot/api-derive@6.12.1":
  version "6.12.1"
  resolved "https://registry.yarnpkg.com/@polkadot/api-derive/-/api-derive-6.12.1.tgz#f5356104d4cb1bed8f0dcac32afc4b0a5c05c232"
  integrity sha512-5LOVlG5EBCT+ytY6aHmQ4RdEWZovZQqRoc6DLd5BLhkR7BFTHKSkLQW+89so8jd0zEtmSXBVPPnsrXS8joM35Q==
  dependencies:
    "@babel/runtime" "^7.16.3"
    "@polkadot/api" "6.12.1"
    "@polkadot/rpc-core" "6.12.1"
    "@polkadot/types" "6.12.1"
    "@polkadot/util" "^8.1.2"
    "@polkadot/util-crypto" "^8.1.2"
    rxjs "^7.4.0"

"@polkadot/api@6.12.1", "@polkadot/api@^6.9.2":
  version "6.12.1"
  resolved "https://registry.yarnpkg.com/@polkadot/api/-/api-6.12.1.tgz#685a2727eb532fdacd9b86f9ddf595d58be71ee4"
  integrity sha512-RVdTiA2WaEvproM3i6E9TKS1bfXpPd9Ly9lUG/kVLaspjKoIot9DJUDTl97TJ+7xr8LXGbXqm448Ud0hsEBV8Q==
  dependencies:
    "@babel/runtime" "^7.16.3"
    "@polkadot/api-derive" "6.12.1"
    "@polkadot/keyring" "^8.1.2"
    "@polkadot/rpc-core" "6.12.1"
    "@polkadot/rpc-provider" "6.12.1"
    "@polkadot/types" "6.12.1"
    "@polkadot/types-known" "6.12.1"
    "@polkadot/util" "^8.1.2"
    "@polkadot/util-crypto" "^8.1.2"
    eventemitter3 "^4.0.7"
    rxjs "^7.4.0"

"@polkadot/keyring@^8.1.2", "@polkadot/keyring@^8.2.2":
  version "8.2.2"
  resolved "https://registry.yarnpkg.com/@polkadot/keyring/-/keyring-8.2.2.tgz#7c5abaca88e8fa1a16c90be8fe74c1813c28997c"
  integrity sha512-GK8puQVtQJ67sVyq0WIWHPeRXfIcqz2ztgRHnGP4JEptS9NSFByQNq1EEpQnEUZwXu9CQfHz90eiLZc1BpC8lQ==
  dependencies:
    "@babel/runtime" "^7.16.5"
    "@polkadot/util" "8.2.2"
    "@polkadot/util-crypto" "8.2.2"

"@polkadot/networks@8.2.2", "@polkadot/networks@^8.1.2":
  version "8.2.2"
  resolved "https://registry.yarnpkg.com/@polkadot/networks/-/networks-8.2.2.tgz#75a0f4ffd13d790a0990cdb0ff0a251377104a46"
  integrity sha512-PshHrf5wBXib63l03YISnHMf5/fS1/Jv2rEN58EgYy9VK87HBXjT7qQ1Ea/d1cFI2EmfEDvhFsP+u3i6AlejQQ==
  dependencies:
    "@babel/runtime" "^7.16.5"

"@polkadot/rpc-core@6.12.1":
  version "6.12.1"
  resolved "https://registry.yarnpkg.com/@polkadot/rpc-core/-/rpc-core-6.12.1.tgz#b5d65589349a0db6edb25fdfd141707a3a5698fa"
  integrity sha512-Hb08D9zho3SB1UNlUCmG5q0gdgbOx25JKGLDfSYpD/wtD0Y1Sf2X5cfgtMoSYE3USWiRdCu4BxQkXTiRjPjzJg==
  dependencies:
    "@babel/runtime" "^7.16.3"
    "@polkadot/rpc-provider" "6.12.1"
    "@polkadot/types" "6.12.1"
    "@polkadot/util" "^8.1.2"
    rxjs "^7.4.0"

"@polkadot/rpc-provider@6.12.1":
  version "6.12.1"
  resolved "https://registry.yarnpkg.com/@polkadot/rpc-provider/-/rpc-provider-6.12.1.tgz#1b5b7ceffefa8735010b61ace04f3eece6145622"
  integrity sha512-uUHD3fLTOeZYWJoc6DQlhz+MJR33rVelasV+OxFY2nSD9MSNXRwQh+9UKDQBnyxw5B4BZ2QaEGfucDeavXmVDw==
  dependencies:
    "@babel/runtime" "^7.16.3"
    "@polkadot/types" "6.12.1"
    "@polkadot/util" "^8.1.2"
    "@polkadot/util-crypto" "^8.1.2"
    "@polkadot/x-fetch" "^8.1.2"
    "@polkadot/x-global" "^8.1.2"
    "@polkadot/x-ws" "^8.1.2"
    eventemitter3 "^4.0.7"

"@polkadot/types-known@6.12.1":
  version "6.12.1"
  resolved "https://registry.yarnpkg.com/@polkadot/types-known/-/types-known-6.12.1.tgz#2dd3ca4e4aa20b86ef182eb75672690f8c14a84e"
  integrity sha512-Z8bHpPQy+mqUm0uR1tai6ra0bQIoPmgRcGFYUM+rJtW1kx/6kZLh10HAICjLpPeA1cwLRzaxHRDqH5MCU6OgXw==
  dependencies:
    "@babel/runtime" "^7.16.3"
    "@polkadot/networks" "^8.1.2"
    "@polkadot/types" "6.12.1"
    "@polkadot/util" "^8.1.2"

"@polkadot/types@6.12.1", "@polkadot/types@^6.9.2":
  version "6.12.1"
  resolved "https://registry.yarnpkg.com/@polkadot/types/-/types-6.12.1.tgz#e5d6dff997740c3da947fa67abe2e1ec144c4757"
  integrity sha512-O37cAGUL0xiXTuO3ySweVh0OuFUD6asrd0TfuzGsEp3jAISWdElEHV5QDiftWq8J9Vf8BMgTcP2QLFbmSusxqA==
  dependencies:
    "@babel/runtime" "^7.16.3"
    "@polkadot/types-known" "6.12.1"
    "@polkadot/util" "^8.1.2"
    "@polkadot/util-crypto" "^8.1.2"
    rxjs "^7.4.0"

"@polkadot/util-crypto@8.2.2", "@polkadot/util-crypto@^8.1.2":
  version "8.2.2"
  resolved "https://registry.yarnpkg.com/@polkadot/util-crypto/-/util-crypto-8.2.2.tgz#ccc5e5abec2431622dd5a2a885286633c2deb371"
  integrity sha512-bKFE6j1q2Dnz1o1QFvhX2QzkMLi9QHU4a5T7+El5J7OsOxGqssMAVHAmB+YoAuSLqPSQBmZa9CN23IiuJnfsbw==
  dependencies:
    "@babel/runtime" "^7.16.5"
    "@noble/hashes" "^0.4.5"
    "@noble/secp256k1" "^1.3.4"
    "@polkadot/networks" "8.2.2"
    "@polkadot/util" "8.2.2"
    "@polkadot/wasm-crypto" "^4.5.1"
    "@polkadot/x-bigint" "8.2.2"
    "@polkadot/x-randomvalues" "8.2.2"
    ed2curve "^0.3.0"
    micro-base "^0.10.0"
    tweetnacl "^1.0.3"

"@polkadot/util@8.2.2", "@polkadot/util@^8.1.2", "@polkadot/util@^8.2.2":
  version "8.2.2"
  resolved "https://registry.yarnpkg.com/@polkadot/util/-/util-8.2.2.tgz#e3b30b90ade18032a28ac237dfa939adce43f2f4"
  integrity sha512-tiHe0rcQvofd3vUVCRmvfULAv9yBG7s/huv1ZLVY/JGT1JBDonc1HWU3Vdb5MvWpx2R+HHv19ORHyD/LiROE9A==
  dependencies:
    "@babel/runtime" "^7.16.5"
    "@polkadot/x-bigint" "8.2.2"
    "@polkadot/x-global" "8.2.2"
    "@polkadot/x-textdecoder" "8.2.2"
    "@polkadot/x-textencoder" "8.2.2"
    "@types/bn.js" "^4.11.6"
    bn.js "^4.12.0"
    ip-regex "^4.3.0"

"@polkadot/wasm-crypto-asmjs@^4.5.1":
  version "4.5.1"
  resolved "https://registry.yarnpkg.com/@polkadot/wasm-crypto-asmjs/-/wasm-crypto-asmjs-4.5.1.tgz#e1025a49e106db11d1187caf65f56c960ea2ad2b"
  integrity sha512-DOdRiWhxVvmqTvp+E9z1j+Yr0zDOGsDvqnT/eNw0Dl1FVUOImsEa7FKns/urASmcxCVEE1jtUWSnij29jrORMQ==
  dependencies:
    "@babel/runtime" "^7.16.3"

"@polkadot/wasm-crypto-wasm@^4.5.1":
  version "4.5.1"
  resolved "https://registry.yarnpkg.com/@polkadot/wasm-crypto-wasm/-/wasm-crypto-wasm-4.5.1.tgz#063a58ff7ddd939b7886a6a238109a8d2c416e46"
  integrity sha512-hPwke85HxpgG/RAlwdCE8u5w7bThvWg399mlB+XjogXMxOUWBZSgq2XYbgzROUXx27inK9nStF4Pnc4zJnqs9A==
  dependencies:
    "@babel/runtime" "^7.16.3"

"@polkadot/wasm-crypto@^4.5.1":
  version "4.5.1"
  resolved "https://registry.yarnpkg.com/@polkadot/wasm-crypto/-/wasm-crypto-4.5.1.tgz#e1ac6d846a0ad8e991cec128994524183ef6e8fd"
  integrity sha512-Cr21ais3Kq3aedIHZ3J1tjgeD/+K8FCiwEawr0oRywNBSJR8wyuZMePs4swR/6xm8wbBkpqoBVHz/UQHqqQJmA==
  dependencies:
    "@babel/runtime" "^7.16.3"
    "@polkadot/wasm-crypto-asmjs" "^4.5.1"
    "@polkadot/wasm-crypto-wasm" "^4.5.1"

"@polkadot/x-bigint@8.2.2":
  version "8.2.2"
  resolved "https://registry.yarnpkg.com/@polkadot/x-bigint/-/x-bigint-8.2.2.tgz#24f4e1b889a1ee899ac9c98fee526e44e2130c14"
  integrity sha512-fX3o3FhfQNxdpA5PV4L9PrjjSKG2ZmfFOfv3TrKwsDNtZMktDDcpmW3up53LJ53FszB/WHH6WwKsehmcqAYDIw==
  dependencies:
    "@babel/runtime" "^7.16.5"
    "@polkadot/x-global" "8.2.2"

"@polkadot/x-fetch@^8.1.2":
  version "8.2.2"
  resolved "https://registry.yarnpkg.com/@polkadot/x-fetch/-/x-fetch-8.2.2.tgz#33cf2993fe93b9013302a8fdd328295a9eb8a3ae"
  integrity sha512-ou8d1Ccf7lt7mssr64ixXYIWOZ4I4ED5sYBeFZg7BJB+MsZnuDOVvuMlItQWh01phMCOxtHWowmh+gOI4w5IWA==
  dependencies:
    "@babel/runtime" "^7.16.5"
    "@polkadot/x-global" "8.2.2"
    "@types/node-fetch" "^2.5.12"
    node-fetch "^2.6.6"

"@polkadot/x-global@8.2.2", "@polkadot/x-global@^8.1.2":
  version "8.2.2"
  resolved "https://registry.yarnpkg.com/@polkadot/x-global/-/x-global-8.2.2.tgz#0640ba4b52df445d50b0ae1aab08327a3dd2f08f"
  integrity sha512-eTJ6edgoIKzjfdYN3Y6ZuJUGRAAc8Uc5X8r4/1QmhOy427QbfRKRL/cbcLat1XbyM52aplOvZf31KXTAkMREdQ==
  dependencies:
    "@babel/runtime" "^7.16.5"

"@polkadot/x-randomvalues@8.2.2":
  version "8.2.2"
  resolved "https://registry.yarnpkg.com/@polkadot/x-randomvalues/-/x-randomvalues-8.2.2.tgz#32eb424a642c19c8d7ce3be8713061a1a0003efd"
  integrity sha512-v3dx0xvWHd5t6e41Fte63WFX/t1Fu9ug3tOr/QE6yMFrDSeDW9TzFJKklakc0tXryqW0cL4qZzUdSvguGC2TPA==
  dependencies:
    "@babel/runtime" "^7.16.5"
    "@polkadot/x-global" "8.2.2"

"@polkadot/x-textdecoder@8.2.2":
  version "8.2.2"
  resolved "https://registry.yarnpkg.com/@polkadot/x-textdecoder/-/x-textdecoder-8.2.2.tgz#e6b161ff3d1f8e55aac2de1bc855d1d2d482d6e3"
  integrity sha512-HQ/pSl4FREnxK0V7nvEdTwI08Erh6KPLwHZ0rSfUJKVDZ+NwfeW4BW/8xCEJOQIRB948Dqerl0XjEn4xCA+OPg==
  dependencies:
    "@babel/runtime" "^7.16.5"
    "@polkadot/x-global" "8.2.2"

"@polkadot/x-textencoder@8.2.2":
  version "8.2.2"
  resolved "https://registry.yarnpkg.com/@polkadot/x-textencoder/-/x-textencoder-8.2.2.tgz#b18c9360d7b311619cf91df4c2af67f0824498a4"
  integrity sha512-ZAOwYi/y1wRYb3WoWZMDfYPrmbPSasog2uknt8p9u2WELrrfj4zF/fRnSuMjLUNtvJuKSzj4LUCKHwTY+peSrQ==
  dependencies:
    "@babel/runtime" "^7.16.5"
    "@polkadot/x-global" "8.2.2"

"@polkadot/x-ws@^8.1.2":
  version "8.2.2"
  resolved "https://registry.yarnpkg.com/@polkadot/x-ws/-/x-ws-8.2.2.tgz#c05b21a433ce22ecee61383630fc9acd03dd3312"
  integrity sha512-qsHzmtoFXIN59qKSkycxQ3GGyzUMlvhl+d7yU1NMaoOudJGfniTbIcDFPtee27Ydamb1DwBvkRbKw5IO8Domdg==
  dependencies:
    "@babel/runtime" "^7.16.5"
    "@polkadot/x-global" "8.2.2"
    "@types/websocket" "^1.0.4"
    websocket "^1.0.34"

"@tsconfig/node10@^1.0.7":
  version "1.0.8"
  resolved "https://registry.yarnpkg.com/@tsconfig/node10/-/node10-1.0.8.tgz#c1e4e80d6f964fbecb3359c43bd48b40f7cadad9"
  integrity sha512-6XFfSQmMgq0CFLY1MslA/CPUfhIL919M1rMsa5lP2P097N2Wd1sSX0tx1u4olM16fLNhtHZpRhedZJphNJqmZg==

"@tsconfig/node12@^1.0.7":
  version "1.0.9"
  resolved "https://registry.yarnpkg.com/@tsconfig/node12/-/node12-1.0.9.tgz#62c1f6dee2ebd9aead80dc3afa56810e58e1a04c"
  integrity sha512-/yBMcem+fbvhSREH+s14YJi18sp7J9jpuhYByADT2rypfajMZZN4WQ6zBGgBKp53NKmqI36wFYDb3yaMPurITw==

"@tsconfig/node14@^1.0.0":
  version "1.0.1"
  resolved "https://registry.yarnpkg.com/@tsconfig/node14/-/node14-1.0.1.tgz#95f2d167ffb9b8d2068b0b235302fafd4df711f2"
  integrity sha512-509r2+yARFfHHE7T6Puu2jjkoycftovhXRqW328PDXTVGKihlb1P8Z9mMZH04ebyajfRY7dedfGynlrFHJUQCg==

"@tsconfig/node16@^1.0.2":
  version "1.0.2"
  resolved "https://registry.yarnpkg.com/@tsconfig/node16/-/node16-1.0.2.tgz#423c77877d0569db20e1fc80885ac4118314010e"
  integrity sha512-eZxlbI8GZscaGS7kkc/trHTT5xgrjH3/1n2JDwusC9iahPKWMRvRjJSAN5mCXviuTGQ/lHnhvv8Q1YTpnfz9gA==

"@types/bn.js@^4.11.6":
  version "4.11.6"
  resolved "https://registry.yarnpkg.com/@types/bn.js/-/bn.js-4.11.6.tgz#c306c70d9358aaea33cd4eda092a742b9505967c"
  integrity sha512-pqr857jrp2kPuO9uRjZ3PwnJTjoQy+fcdxvBTvHm6dkmEL9q+hDD/2j/0ELOBPtPnS8LjCX0gI9nbl8lVkadpg==
  dependencies:
    "@types/node" "*"

"@types/command-exists@^1.2.0":
  version "1.2.0"
  resolved "https://registry.yarnpkg.com/@types/command-exists/-/command-exists-1.2.0.tgz#d97e0ed10097090e4ab0367ed425b0312fad86f3"
  integrity sha512-ugsxEJfsCuqMLSuCD4PIJkp5Uk2z6TCMRCgYVuhRo5cYQY3+1xXTQkSlPtkpGHuvWMjS2KTeVQXxkXRACMbM6A==

"@types/find-up@^4.0.0":
  version "4.0.0"
  resolved "https://registry.yarnpkg.com/@types/find-up/-/find-up-4.0.0.tgz#6b74a76670477a23f0793cfaf2dafc86df59723a"
  integrity sha512-QlRNKeOPFWKisbNtKVOOGXw3AeLbkw8UmT/EyEGM6brfqpYffKBcch7f1y40NYN9O90aK2+K0xBMDJfOAsg2qg==
  dependencies:
    find-up "*"

"@types/node-fetch@^2.5.12":
  version "2.5.12"
  resolved "https://registry.yarnpkg.com/@types/node-fetch/-/node-fetch-2.5.12.tgz#8a6f779b1d4e60b7a57fb6fd48d84fb545b9cc66"
  integrity sha512-MKgC4dlq4kKNa/mYrwpKfzQMB5X3ee5U6fSprkKpToBqBmX4nFZL9cW5jl6sWn+xpRJ7ypWh2yyqqr8UUCstSw==
  dependencies:
    "@types/node" "*"
    form-data "^3.0.0"

"@types/node@*":
  version "17.0.8"
  resolved "https://registry.yarnpkg.com/@types/node/-/node-17.0.8.tgz#50d680c8a8a78fe30abe6906453b21ad8ab0ad7b"
  integrity sha512-YofkM6fGv4gDJq78g4j0mMuGMkZVxZDgtU0JRdx6FgiJDG+0fY0GKVolOV8WqVmEhLCXkQRjwDdKyPxJp/uucg==

"@types/websocket@^1.0.4":
  version "1.0.4"
  resolved "https://registry.yarnpkg.com/@types/websocket/-/websocket-1.0.4.tgz#1dc497280d8049a5450854dd698ee7e6ea9e60b8"
  integrity sha512-qn1LkcFEKK8RPp459jkjzsfpbsx36BBt3oC3pITYtkoBw/aVX+EZFa5j3ThCRTNpLFvIMr5dSTD4RaMdilIOpA==
  dependencies:
    "@types/node" "*"

acorn-walk@^8.1.1:
  version "8.2.0"
  resolved "https://registry.yarnpkg.com/acorn-walk/-/acorn-walk-8.2.0.tgz#741210f2e2426454508853a2f44d0ab83b7f69c1"
  integrity sha512-k+iyHEuPgSw6SbuDpGQM+06HQUa04DZ3o+F6CSzXMvvI5KMvnaEqXe+YVe555R9nn6GPt404fos4wcgpw12SDA==

acorn@^8.4.1:
  version "8.7.0"
  resolved "https://registry.yarnpkg.com/acorn/-/acorn-8.7.0.tgz#90951fde0f8f09df93549481e5fc141445b791cf"
  integrity sha512-V/LGr1APy+PXIwKebEWrkZPwoeoF+w1jiOBUmuxuiUIaOHtob8Qc9BTrYo7VuI5fR8tqsy+buA2WFooR5olqvQ==

arg@^4.1.0:
  version "4.1.3"
  resolved "https://registry.yarnpkg.com/arg/-/arg-4.1.3.tgz#269fc7ad5b8e42cb63c896d5666017261c144089"
  integrity sha512-58S9QDqG0Xx27YwPSt9fJxivjYl432YCwfDMfZ+71RAqUrZef7LrKQZ3LHLOwCS4FLNBplP533Zx895SeOCHvA==

asynckit@^0.4.0:
  version "0.4.0"
  resolved "https://registry.yarnpkg.com/asynckit/-/asynckit-0.4.0.tgz#c79ed97f7f34cb8f2ba1bc9790bcc366474b4b79"
  integrity sha1-x57Zf380y48robyXkLzDZkdLS3k=

bn.js@^4.12.0:
  version "4.12.0"
  resolved "https://registry.yarnpkg.com/bn.js/-/bn.js-4.12.0.tgz#775b3f278efbb9718eec7361f483fb36fbbfea88"
  integrity sha512-c98Bf3tPniI+scsdk237ku1Dc3ujXQTSgyiPUDEOe7tRkhrqridvh8klBv0HCEso1OLOYcHuCv/cS6DNxKH+ZA==

bufferutil@^4.0.1:
  version "4.0.6"
  resolved "https://registry.yarnpkg.com/bufferutil/-/bufferutil-4.0.6.tgz#ebd6c67c7922a0e902f053e5d8be5ec850e48433"
  integrity sha512-jduaYOYtnio4aIAyc6UbvPCVcgq7nYpVnucyxr6eCYg/Woad9Hf/oxxBRDnGGjPfjUm6j5O/uBWhIu4iLebFaw==
  dependencies:
    node-gyp-build "^4.3.0"

combined-stream@^1.0.8:
  version "1.0.8"
  resolved "https://registry.yarnpkg.com/combined-stream/-/combined-stream-1.0.8.tgz#c3d45a8b34fd730631a110a8a2520682b31d5a7f"
  integrity sha512-FQN4MRfuJeHf7cBbBMJFXhKSDq+2kAArBlmRBvcvFE5BB1HZKXtSFASDhdlz9zOYwxh8lDdnvmMOe/+5cdoEdg==
  dependencies:
    delayed-stream "~1.0.0"

command-exists@^1.2.9:
  version "1.2.9"
  resolved "https://registry.yarnpkg.com/command-exists/-/command-exists-1.2.9.tgz#c50725af3808c8ab0260fd60b01fbfa25b954f69"
  integrity sha512-LTQ/SGc+s0Xc0Fu5WaKnR0YiygZkm9eKFvyS+fRsU7/ZWFF8ykFM6Pc9aCVf1+xasOOZpO3BAVgVrKvsqKHV7w==

create-require@^1.1.0:
  version "1.1.1"
  resolved "https://registry.yarnpkg.com/create-require/-/create-require-1.1.1.tgz#c1d7e8f1e5f6cfc9ff65f9cd352d37348756c333"
  integrity sha512-dcKFX3jn0MpIaXjisoRvexIJVEKzaq7z2rZKxf+MSr9TkdmHmsU4m2lcLojrj/FHl8mk5VxMmYA+ftRkP/3oKQ==

d@1, d@^1.0.1:
  version "1.0.1"
  resolved "https://registry.yarnpkg.com/d/-/d-1.0.1.tgz#8698095372d58dbee346ffd0c7093f99f8f9eb5a"
  integrity sha512-m62ShEObQ39CfralilEQRjH6oAMtNCV1xJyEx5LpRYUVN+EviphDgUc/F3hnYbADmkiNs67Y+3ylmlG7Lnu+FA==
  dependencies:
    es5-ext "^0.10.50"
    type "^1.0.1"

debug@^2.2.0:
  version "2.6.9"
  resolved "https://registry.yarnpkg.com/debug/-/debug-2.6.9.tgz#5d128515df134ff327e90a4c93f4e077a536341f"
  integrity sha512-bC7ElrdJaJnPbAP+1EotYvqZsb3ecl5wi6Bfi6BJTUcNowp6cvspg0jXznRTKDjm/E7AdgFBVeAPVMNcKGsHMA==
  dependencies:
    ms "2.0.0"

delayed-stream@~1.0.0:
  version "1.0.0"
  resolved "https://registry.yarnpkg.com/delayed-stream/-/delayed-stream-1.0.0.tgz#df3ae199acadfb7d440aaae0b29e2272b24ec619"
  integrity sha1-3zrhmayt+31ECqrgsp4icrJOxhk=

diff@^4.0.1:
  version "4.0.2"
  resolved "https://registry.yarnpkg.com/diff/-/diff-4.0.2.tgz#60f3aecb89d5fae520c11aa19efc2bb982aade7d"
  integrity sha512-58lmxKSA4BNyLz+HHMUzlOEpg09FV+ev6ZMe3vJihgdxzgcwZ8VoEEPmALCZG9LmqfVoNMMKpttIYTVG6uDY7A==

ed2curve@^0.3.0:
  version "0.3.0"
  resolved "https://registry.yarnpkg.com/ed2curve/-/ed2curve-0.3.0.tgz#322b575152a45305429d546b071823a93129a05d"
  integrity sha512-8w2fmmq3hv9rCrcI7g9hms2pMunQr1JINfcjwR9tAyZqhtyaMN991lF/ZfHfr5tzZQ8c7y7aBgZbjfbd0fjFwQ==
  dependencies:
    tweetnacl "1.x.x"

es5-ext@^0.10.35, es5-ext@^0.10.50:
  version "0.10.53"
  resolved "https://registry.yarnpkg.com/es5-ext/-/es5-ext-0.10.53.tgz#93c5a3acfdbef275220ad72644ad02ee18368de1"
  integrity sha512-Xs2Stw6NiNHWypzRTY1MtaG/uJlwCk8kH81920ma8mvN8Xq1gsfhZvpkImLQArw8AHnv8MT2I45J3c0R8slE+Q==
  dependencies:
    es6-iterator "~2.0.3"
    es6-symbol "~3.1.3"
    next-tick "~1.0.0"

es6-iterator@~2.0.3:
  version "2.0.3"
  resolved "https://registry.yarnpkg.com/es6-iterator/-/es6-iterator-2.0.3.tgz#a7de889141a05a94b0854403b2d0a0fbfa98f3b7"
  integrity sha1-p96IkUGgWpSwhUQDstCg+/qY87c=
  dependencies:
    d "1"
    es5-ext "^0.10.35"
    es6-symbol "^3.1.1"

es6-symbol@^3.1.1, es6-symbol@~3.1.3:
  version "3.1.3"
  resolved "https://registry.yarnpkg.com/es6-symbol/-/es6-symbol-3.1.3.tgz#bad5d3c1bcdac28269f4cb331e431c78ac705d18"
  integrity sha512-NJ6Yn3FuDinBaBRWl/q5X/s4koRHBrgKAu+yGI6JCBeiu3qrcbJhwT2GeR/EXVfylRk8dpQVJoLEFhK+Mu31NA==
  dependencies:
    d "^1.0.1"
    ext "^1.1.2"

eventemitter3@^4.0.7:
  version "4.0.7"
  resolved "https://registry.yarnpkg.com/eventemitter3/-/eventemitter3-4.0.7.tgz#2de9b68f6528d5644ef5c59526a1b4a07306169f"
  integrity sha512-8guHBZCwKnFhYdHr2ysuRWErTwhoN2X8XELRlrRwpmfeY2jjuUN4taQMsULKUVo1K4DvZl+0pgfyoysHxvmvEw==

ext@^1.1.2:
  version "1.6.0"
  resolved "https://registry.yarnpkg.com/ext/-/ext-1.6.0.tgz#3871d50641e874cc172e2b53f919842d19db4c52"
  integrity sha512-sdBImtzkq2HpkdRLtlLWDa6w4DX22ijZLKx8BMPUuKe1c5lbN6xwQDQCxSfxBQnHZ13ls/FH0MQZx/q/gr6FQg==
  dependencies:
    type "^2.5.0"

find-up@*:
  version "6.2.0"
  resolved "https://registry.yarnpkg.com/find-up/-/find-up-6.2.0.tgz#f3b81d633fa83bebe64f83a8bab357f86d5914be"
  integrity sha512-yWHzMzXCaFoABSnFTCPKNFlYoq4mSga9QLRRKOCLSJ33hSkzROB14ITbAWW0QDQDyuzsPQ33S1DsOWQb/oW1yA==
  dependencies:
    locate-path "^7.0.0"
    path-exists "^5.0.0"

find-up@^5.0.0:
  version "5.0.0"
  resolved "https://registry.yarnpkg.com/find-up/-/find-up-5.0.0.tgz#4c92819ecb7083561e4f4a240a86be5198f536fc"
  integrity sha512-78/PXT1wlLLDgTzDs7sjq9hzz0vXD+zn+7wypEe4fXQxCmdmqfGsEPQxmiCSQI3ajFV91bVSsvNtrJRiW6nGng==
  dependencies:
    locate-path "^6.0.0"
    path-exists "^4.0.0"

form-data@^3.0.0:
  version "3.0.1"
  resolved "https://registry.yarnpkg.com/form-data/-/form-data-3.0.1.tgz#ebd53791b78356a99af9a300d4282c4d5eb9755f"
  integrity sha512-RHkBKtLWUVwd7SqRIvCZMEvAMoGUp0XU+seQiZejj0COz3RI3hWP4sCv3gZWWLjJTd7rGwcsF5eKZGii0r/hbg==
  dependencies:
    asynckit "^0.4.0"
    combined-stream "^1.0.8"
    mime-types "^2.1.12"

ip-regex@^4.3.0:
  version "4.3.0"
  resolved "https://registry.yarnpkg.com/ip-regex/-/ip-regex-4.3.0.tgz#687275ab0f57fa76978ff8f4dddc8a23d5990db5"
  integrity sha512-B9ZWJxHHOHUhUjCPrMpLD4xEq35bUTClHM1S6CBU5ixQnkZmwipwgc96vAd7AAGM9TGHvJR+Uss+/Ak6UphK+Q==

is-typedarray@^1.0.0:
  version "1.0.0"
  resolved "https://registry.yarnpkg.com/is-typedarray/-/is-typedarray-1.0.0.tgz#e479c80858df0c1b11ddda6940f96011fcda4a9a"
  integrity sha1-5HnICFjfDBsR3dppQPlgEfzaSpo=

locate-path@^6.0.0:
  version "6.0.0"
  resolved "https://registry.yarnpkg.com/locate-path/-/locate-path-6.0.0.tgz#55321eb309febbc59c4801d931a72452a681d286"
  integrity sha512-iPZK6eYjbxRu3uB4/WZ3EsEIMJFMqAoopl3R+zuq0UjcAm/MO6KCweDgPfP3elTztoKP3KtnVHxTn2NHBSDVUw==
  dependencies:
    p-locate "^5.0.0"

locate-path@^7.0.0:
  version "7.0.0"
  resolved "https://registry.yarnpkg.com/locate-path/-/locate-path-7.0.0.tgz#f0a60c8dd7ef0f737699eb9461b9567a92bc97da"
  integrity sha512-+cg2yXqDUKfo4hsFxwa3G1cBJeA+gs1vD8FyV9/odWoUlQe/4syxHQ5DPtKjtfm6gnKbZzjCqzX03kXosvZB1w==
  dependencies:
    p-locate "^6.0.0"

make-error@^1.1.1:
  version "1.3.6"
  resolved "https://registry.yarnpkg.com/make-error/-/make-error-1.3.6.tgz#2eb2e37ea9b67c4891f684a1394799af484cf7a2"
  integrity sha512-s8UhlNe7vPKomQhC1qFelMokr/Sc3AgNbso3n74mVPA5LTZwkB9NlXf4XPamLxJE8h0gh73rM94xvwRT2CVInw==

micro-base@^0.10.0:
  version "0.10.2"
  resolved "https://registry.yarnpkg.com/micro-base/-/micro-base-0.10.2.tgz#f6f9f0bd949ce511883e5a99f9147d80ddc32f5a"
  integrity sha512-lqqJrT7lfJtDmmiQ4zRLZuIJBk96t0RAc5pCrrWpL9zDeH5i/SUL85mku9HqzTI/OCZ8EQ3aicbMW+eK5Nyu5w==

mime-db@1.51.0:
  version "1.51.0"
  resolved "https://registry.yarnpkg.com/mime-db/-/mime-db-1.51.0.tgz#d9ff62451859b18342d960850dc3cfb77e63fb0c"
  integrity sha512-5y8A56jg7XVQx2mbv1lu49NR4dokRnhZYTtL+KGfaa27uq4pSTXkwQkFJl4pkRMyNFz/EtYDSkiiEHx3F7UN6g==

mime-types@^2.1.12:
  version "2.1.34"
  resolved "https://registry.yarnpkg.com/mime-types/-/mime-types-2.1.34.tgz#5a712f9ec1503511a945803640fafe09d3793c24"
  integrity sha512-6cP692WwGIs9XXdOO4++N+7qjqv0rqxxVvJ3VHPh/Sc9mVZcQP+ZGhkKiTvWMQRr2tbHkJP/Yn7Y0npb3ZBs4A==
  dependencies:
    mime-db "1.51.0"

ms@2.0.0:
  version "2.0.0"
  resolved "https://registry.yarnpkg.com/ms/-/ms-2.0.0.tgz#5608aeadfc00be6c2901df5f9861788de0d597c8"
  integrity sha1-VgiurfwAvmwpAd9fmGF4jeDVl8g=

next-tick@~1.0.0:
  version "1.0.0"
  resolved "https://registry.yarnpkg.com/next-tick/-/next-tick-1.0.0.tgz#ca86d1fe8828169b0120208e3dc8424b9db8342c"
  integrity sha1-yobR/ogoFpsBICCOPchCS524NCw=

node-fetch@^2.6.6:
  version "2.6.6"
  resolved "https://registry.yarnpkg.com/node-fetch/-/node-fetch-2.6.6.tgz#1751a7c01834e8e1697758732e9efb6eeadfaf89"
  integrity sha512-Z8/6vRlTUChSdIgMa51jxQ4lrw/Jy5SOW10ObaA47/RElsAN2c5Pn8bTgFGWn/ibwzXTE8qwr1Yzx28vsecXEA==
  dependencies:
    whatwg-url "^5.0.0"

node-gyp-build@^4.3.0:
  version "4.3.0"
  resolved "https://registry.yarnpkg.com/node-gyp-build/-/node-gyp-build-4.3.0.tgz#9f256b03e5826150be39c764bf51e993946d71a3"
  integrity sha512-iWjXZvmboq0ja1pUGULQBexmxq8CV4xBhX7VDOTbL7ZR4FOowwY/VOtRxBN/yKxmdGoIp4j5ysNT4u3S2pDQ3Q==

p-limit@^3.0.2:
  version "3.1.0"
  resolved "https://registry.yarnpkg.com/p-limit/-/p-limit-3.1.0.tgz#e1daccbe78d0d1388ca18c64fea38e3e57e3706b"
  integrity sha512-TYOanM3wGwNGsZN2cVTYPArw454xnXj5qmWF1bEoAc4+cU/ol7GVh7odevjp1FNHduHc3KZMcFduxU5Xc6uJRQ==
  dependencies:
    yocto-queue "^0.1.0"

p-limit@^4.0.0:
  version "4.0.0"
  resolved "https://registry.yarnpkg.com/p-limit/-/p-limit-4.0.0.tgz#914af6544ed32bfa54670b061cafcbd04984b644"
  integrity sha512-5b0R4txpzjPWVw/cXXUResoD4hb6U/x9BH08L7nw+GN1sezDzPdxeRvpc9c433fZhBan/wusjbCsqwqm4EIBIQ==
  dependencies:
    yocto-queue "^1.0.0"

p-locate@^5.0.0:
  version "5.0.0"
  resolved "https://registry.yarnpkg.com/p-locate/-/p-locate-5.0.0.tgz#83c8315c6785005e3bd021839411c9e110e6d834"
  integrity sha512-LaNjtRWUBY++zB5nE/NwcaoMylSPk+S+ZHNB1TzdbMJMny6dynpAGt7X/tl/QYq3TIeE6nxHppbo2LGymrG5Pw==
  dependencies:
    p-limit "^3.0.2"

p-locate@^6.0.0:
  version "6.0.0"
  resolved "https://registry.yarnpkg.com/p-locate/-/p-locate-6.0.0.tgz#3da9a49d4934b901089dca3302fa65dc5a05c04f"
  integrity sha512-wPrq66Llhl7/4AGC6I+cqxT07LhXvWL08LNXz1fENOw0Ap4sRZZ/gZpTTJ5jpurzzzfS2W/Ge9BY3LgLjCShcw==
  dependencies:
    p-limit "^4.0.0"

path-exists@^4.0.0:
  version "4.0.0"
  resolved "https://registry.yarnpkg.com/path-exists/-/path-exists-4.0.0.tgz#513bdbe2d3b95d7762e8c1137efa195c6c61b5b3"
  integrity sha512-ak9Qy5Q7jYb2Wwcey5Fpvg2KoAc/ZIhLSLOSBmRmygPsGwkVVt0fZa0qrtMz+m6tJTAHfZQ8FnmB4MG4LWy7/w==

path-exists@^5.0.0:
  version "5.0.0"
  resolved "https://registry.yarnpkg.com/path-exists/-/path-exists-5.0.0.tgz#a6aad9489200b21fab31e49cf09277e5116fb9e7"
  integrity sha512-RjhtfwJOxzcFmNOi6ltcbcu4Iu+FL3zEj83dk4kAS+fVpTxXLO1b38RvJgT/0QwvV/L3aY9TAnyv0EOqW4GoMQ==

regenerator-runtime@^0.13.4:
  version "0.13.9"
  resolved "https://registry.yarnpkg.com/regenerator-runtime/-/regenerator-runtime-0.13.9.tgz#8925742a98ffd90814988d7566ad30ca3b263b52"
  integrity sha512-p3VT+cOEgxFsRRA9X4lkI1E+k2/CtnKtU4gcxyaCUreilL/vqI6CdZ3wxVUx3UOUg+gnUOQQcRI7BmSI656MYA==

rxjs@^7.4.0:
  version "7.5.1"
  resolved "https://registry.yarnpkg.com/rxjs/-/rxjs-7.5.1.tgz#af73df343cbcab37628197f43ea0c8256f54b157"
  integrity sha512-KExVEeZWxMZnZhUZtsJcFwz8IvPvgu4G2Z2QyqjZQzUGr32KDYuSxrEYO4w3tFFNbfLozcrKUTvTPi+E9ywJkQ==
  dependencies:
    tslib "^2.1.0"

tr46@~0.0.3:
  version "0.0.3"
  resolved "https://registry.yarnpkg.com/tr46/-/tr46-0.0.3.tgz#8184fd347dac9cdc185992f3a6622e14b9d9ab6a"
  integrity sha1-gYT9NH2snNwYWZLzpmIuFLnZq2o=

ts-node@^10.4.0:
  version "10.4.0"
  resolved "https://registry.yarnpkg.com/ts-node/-/ts-node-10.4.0.tgz#680f88945885f4e6cf450e7f0d6223dd404895f7"
  integrity sha512-g0FlPvvCXSIO1JDF6S232P5jPYqBkRL9qly81ZgAOSU7rwI0stphCgd2kLiCrU9DjQCrJMWEqcNSjQL02s6d8A==
  dependencies:
    "@cspotcode/source-map-support" "0.7.0"
    "@tsconfig/node10" "^1.0.7"
    "@tsconfig/node12" "^1.0.7"
    "@tsconfig/node14" "^1.0.0"
    "@tsconfig/node16" "^1.0.2"
    acorn "^8.4.1"
    acorn-walk "^8.1.1"
    arg "^4.1.0"
    create-require "^1.1.0"
    diff "^4.0.1"
    make-error "^1.1.1"
    yn "3.1.1"

tslib@^2.1.0:
  version "2.3.1"
  resolved "https://registry.yarnpkg.com/tslib/-/tslib-2.3.1.tgz#e8a335add5ceae51aa261d32a490158ef042ef01"
  integrity sha512-77EbyPPpMz+FRFRuAFlWMtmgUWGe9UOG2Z25NqCwiIjRhOf5iKGuzSe5P2w1laq+FkRy4p+PCuVkJSGkzTEKVw==

tweetnacl@1.x.x, tweetnacl@^1.0.3:
  version "1.0.3"
  resolved "https://registry.yarnpkg.com/tweetnacl/-/tweetnacl-1.0.3.tgz#ac0af71680458d8a6378d0d0d050ab1407d35596"
  integrity sha512-6rt+RN7aOi1nGMyC4Xa5DdYiukl2UWCbcJft7YhxReBGQD7OAM8Pbxw6YMo4r2diNEA8FEmu32YOn9rhaiE5yw==

type@^1.0.1:
  version "1.2.0"
  resolved "https://registry.yarnpkg.com/type/-/type-1.2.0.tgz#848dd7698dafa3e54a6c479e759c4bc3f18847a0"
  integrity sha512-+5nt5AAniqsCnu2cEQQdpzCAh33kVx8n0VoFidKpB1dVVLAN/F+bgVOqOJqOnEnrhp222clB5p3vUlD+1QAnfg==

type@^2.5.0:
  version "2.5.0"
  resolved "https://registry.yarnpkg.com/type/-/type-2.5.0.tgz#0a2e78c2e77907b252abe5f298c1b01c63f0db3d"
  integrity sha512-180WMDQaIMm3+7hGXWf12GtdniDEy7nYcyFMKJn/eZz/6tSLXrUN9V0wKSbMjej0I1WHWbpREDEKHtqPQa9NNw==

typedarray-to-buffer@^3.1.5:
  version "3.1.5"
  resolved "https://registry.yarnpkg.com/typedarray-to-buffer/-/typedarray-to-buffer-3.1.5.tgz#a97ee7a9ff42691b9f783ff1bc5112fe3fca9080"
  integrity sha512-zdu8XMNEDepKKR+XYOXAVPtWui0ly0NtohUscw+UmaHiAWT8hrV1rr//H6V+0DvJ3OQ19S979M0laLfX8rm82Q==
  dependencies:
    is-typedarray "^1.0.0"

typescript@^4.5.2:
  version "4.5.4"
  resolved "https://registry.yarnpkg.com/typescript/-/typescript-4.5.4.tgz#a17d3a0263bf5c8723b9c52f43c5084edf13c2e8"
  integrity sha512-VgYs2A2QIRuGphtzFV7aQJduJ2gyfTljngLzjpfW9FoYZF6xuw1W0vW9ghCKLfcWrCFxK81CSGRAvS1pn4fIUg==

utf-8-validate@^5.0.2:
  version "5.0.8"
  resolved "https://registry.yarnpkg.com/utf-8-validate/-/utf-8-validate-5.0.8.tgz#4a735a61661dbb1c59a0868c397d2fe263f14e58"
  integrity sha512-k4dW/Qja1BYDl2qD4tOMB9PFVha/UJtxTc1cXYOe3WwA/2m0Yn4qB7wLMpJyLJ/7DR0XnTut3HsCSzDT4ZvKgA==
  dependencies:
    node-gyp-build "^4.3.0"

webidl-conversions@^3.0.0:
  version "3.0.1"
  resolved "https://registry.yarnpkg.com/webidl-conversions/-/webidl-conversions-3.0.1.tgz#24534275e2a7bc6be7bc86611cc16ae0a5654871"
  integrity sha1-JFNCdeKnvGvnvIZhHMFq4KVlSHE=

websocket@^1.0.34:
  version "1.0.34"
  resolved "https://registry.yarnpkg.com/websocket/-/websocket-1.0.34.tgz#2bdc2602c08bf2c82253b730655c0ef7dcab3111"
  integrity sha512-PRDso2sGwF6kM75QykIesBijKSVceR6jL2G8NGYyq2XrItNC2P5/qL5XeR056GhA+Ly7JMFvJb9I312mJfmqnQ==
  dependencies:
    bufferutil "^4.0.1"
    debug "^2.2.0"
    es5-ext "^0.10.50"
    typedarray-to-buffer "^3.1.5"
    utf-8-validate "^5.0.2"
    yaeti "^0.0.6"

whatwg-url@^5.0.0:
  version "5.0.0"
  resolved "https://registry.yarnpkg.com/whatwg-url/-/whatwg-url-5.0.0.tgz#966454e8765462e37644d3626f6742ce8b70965d"
  integrity sha1-lmRU6HZUYuN2RNNib2dCzotwll0=
  dependencies:
    tr46 "~0.0.3"
    webidl-conversions "^3.0.0"

yaeti@^0.0.6:
  version "0.0.6"
  resolved "https://registry.yarnpkg.com/yaeti/-/yaeti-0.0.6.tgz#f26f484d72684cf42bedfb76970aa1608fbf9577"
  integrity sha1-8m9ITXJoTPQr7ft2lwqhYI+/lXc=

yn@3.1.1:
  version "3.1.1"
  resolved "https://registry.yarnpkg.com/yn/-/yn-3.1.1.tgz#1e87401a09d767c1d5eab26a6e4c185182d2eb50"
  integrity sha512-Ux4ygGWsu2c7isFWe8Yu1YluJmqVhxqK2cLXNQA5AcC3QfbGNpM7fu0Y8b/z16pXLnFxZYvWhd3fhBY9DLmC6Q==

yocto-queue@^0.1.0:
  version "0.1.0"
  resolved "https://registry.yarnpkg.com/yocto-queue/-/yocto-queue-0.1.0.tgz#0294eb3dee05028d31ee1a5fa2c556a6aaf10a1b"
  integrity sha512-rVksvsnNCdJ/ohGc6xgPwyN8eheCxsiLM8mxuE/t/mOVqJewPuO1miLpTHQiRgTKCLexL4MeAFVagts7HmNZ2Q==

yocto-queue@^1.0.0:
  version "1.0.0"
  resolved "https://registry.yarnpkg.com/yocto-queue/-/yocto-queue-1.0.0.tgz#7f816433fb2cbc511ec8bf7d263c3b58a1a3c251"
  integrity sha512-9bnSc/HEW2uRy67wc+T8UwauLuPJVn28jb+GtJY16iiKWyvmYJRXVT4UamsAEGQfPohgr2q4Tq0sQbQlxTfi1g==
