# This file is automatically @generated by Cargo.
# It is not intended for manual editing.
version = 3

[[package]]
name = "aho-corasick"
version = "0.7.18"
source = "registry+https://github.com/rust-lang/crates.io-index"
checksum = "1e37cfd5e7657ada45f742d6e99ca5788580b5c529dc78faf11ece6dc702656f"
dependencies = [
 "memchr",
]

[[package]]
name = "anyhow"
version = "1.0.48"
source = "registry+https://github.com/rust-lang/crates.io-index"
checksum = "62e1f47f7dc0422027a4e370dd4548d4d66b26782e513e98dca1e689e058a80e"

[[package]]
name = "arrayref"
version = "0.3.6"
source = "registry+https://github.com/rust-lang/crates.io-index"
checksum = "a4c527152e37cf757a3f78aae5a06fbeefdb07ccc535c980a3208ee3060dd544"

[[package]]
name = "arrayvec"
version = "0.5.2"
source = "registry+https://github.com/rust-lang/crates.io-index"
checksum = "23b62fc65de8e4e7f52534fb52b0f3ed04746ae267519eef2a83941e8085068b"

[[package]]
name = "arrayvec"
version = "0.7.2"
source = "registry+https://github.com/rust-lang/crates.io-index"
checksum = "8da52d66c7071e2e3fa2a1e5c6d088fec47b593032b254f5e980de8ea54454d6"

[[package]]
name = "async-recursion"
version = "0.3.2"
source = "registry+https://github.com/rust-lang/crates.io-index"
checksum = "d7d78656ba01f1b93024b7c3a0467f1608e4be67d725749fdcd7d2c7678fd7a2"
dependencies = [
 "proc-macro2",
 "quote",
 "syn",
]

[[package]]
name = "async-trait"
version = "0.1.52"
source = "registry+https://github.com/rust-lang/crates.io-index"
checksum = "061a7acccaa286c011ddc30970520b98fa40e00c9d644633fb26b5fc63a265e3"
dependencies = [
 "proc-macro2",
 "quote",
 "syn",
]

[[package]]
name = "autocfg"
version = "1.1.0"
source = "registry+https://github.com/rust-lang/crates.io-index"
checksum = "d468802bab17cbc0cc575e9b053f41e72aa36bfa6b7f55e3529ffa43161b97fa"

[[package]]
name = "base-x"
version = "0.2.10"
source = "registry+https://github.com/rust-lang/crates.io-index"
checksum = "dc19a4937b4fbd3fe3379793130e42060d10627a360f2127802b10b87e7baf74"

[[package]]
name = "bitflags"
version = "1.3.2"
source = "registry+https://github.com/rust-lang/crates.io-index"
checksum = "bef38d45163c2f1dde094a7dfd33ccf595c92905c8f8f4fdc18d06fb1037718a"

[[package]]
name = "bitvec"
version = "0.20.4"
source = "registry+https://github.com/rust-lang/crates.io-index"
checksum = "7774144344a4faa177370406a7ff5f1da24303817368584c6206c8303eb07848"
dependencies = [
 "funty",
 "radium",
 "tap",
 "wyz",
]

[[package]]
name = "blake2b_simd"
version = "0.5.11"
source = "registry+https://github.com/rust-lang/crates.io-index"
checksum = "afa748e348ad3be8263be728124b24a24f268266f6f5d58af9d75f6a40b5c587"
dependencies = [
 "arrayref",
 "arrayvec 0.5.2",
 "constant_time_eq",
]

[[package]]
name = "block-buffer"
version = "0.9.0"
source = "registry+https://github.com/rust-lang/crates.io-index"
checksum = "4152116fd6e9dadb291ae18fc1ec3575ed6d84c29642d97890f4b4a3417297e4"
dependencies = [
 "generic-array",
]

[[package]]
name = "byte-slice-cast"
version = "1.2.0"
source = "registry+https://github.com/rust-lang/crates.io-index"
checksum = "1d30c751592b77c499e7bce34d99d67c2c11bdc0574e9a488ddade14150a4698"

[[package]]
name = "byteorder"
version = "1.4.3"
source = "registry+https://github.com/rust-lang/crates.io-index"
checksum = "14c189c53d098945499cdfa7ecc63567cf3886b3332b312a5b4585d8d3a6a610"

[[package]]
name = "cfg-if"
version = "1.0.0"
source = "registry+https://github.com/rust-lang/crates.io-index"
checksum = "baf1de4339761588bc0619e3cbc0120ee582ebb74b53b4efbf79117bd2da40fd"

[[package]]
name = "cid"
version = "0.6.1"
source = "registry+https://github.com/rust-lang/crates.io-index"
checksum = "ff0e3bc0b6446b3f9663c1a6aba6ef06c5aeaa1bc92bd18077be337198ab9768"
dependencies = [
 "multibase 0.8.0",
 "multihash",
 "unsigned-varint",
]

[[package]]
name = "constant_time_eq"
version = "0.1.5"
source = "registry+https://github.com/rust-lang/crates.io-index"
checksum = "245097e9a4535ee1e3e3931fcfcd55a796a44c643e8596ff6566d68f09b87bbc"

[[package]]
name = "cpufeatures"
version = "0.2.2"
source = "registry+https://github.com/rust-lang/crates.io-index"
checksum = "59a6001667ab124aebae2a495118e11d30984c3a653e99d86d58971708cf5e4b"
dependencies = [
 "libc",
]

[[package]]
name = "cs_serde_bytes"
version = "0.12.0"
source = "registry+https://github.com/rust-lang/crates.io-index"
checksum = "ebca5e1e931005a5d90cc90831a22619c94fdeb645435c22eae52956dee29675"
dependencies = [
 "serde",
]

[[package]]
name = "cs_serde_cbor"
version = "0.12.0"
source = "registry+https://github.com/rust-lang/crates.io-index"
checksum = "cb7b77425566bdb3932243a292a4b072e1e34fb93aba95926f8d4a3b6ce542c5"
dependencies = [
 "half",
 "serde",
]

[[package]]
name = "dashmap"
version = "4.0.2"
source = "registry+https://github.com/rust-lang/crates.io-index"
checksum = "e77a43b28d0668df09411cb0bc9a8c2adc40f9a048afe863e05fd43251e8e39c"
dependencies = [
 "cfg-if",
 "num_cpus",
]

[[package]]
name = "data-encoding"
version = "2.3.2"
source = "registry+https://github.com/rust-lang/crates.io-index"
checksum = "3ee2393c4a91429dffb4bedf19f4d6abf27d8a732c8ce4980305d782e5426d57"

[[package]]
name = "data-encoding-macro"
version = "0.1.12"
source = "registry+https://github.com/rust-lang/crates.io-index"
checksum = "86927b7cd2fe88fa698b87404b287ab98d1a0063a34071d92e575b72d3029aca"
dependencies = [
 "data-encoding",
 "data-encoding-macro-internal",
]

[[package]]
name = "data-encoding-macro-internal"
version = "0.1.10"
source = "registry+https://github.com/rust-lang/crates.io-index"
checksum = "a5bbed42daaa95e780b60a50546aa345b8413a1e46f9a40a12907d3598f038db"
dependencies = [
 "data-encoding",
 "syn",
]

[[package]]
name = "digest"
version = "0.9.0"
source = "registry+https://github.com/rust-lang/crates.io-index"
checksum = "d3dd60d1080a57a05ab032377049e0591415d2b31afd7028356dbf3cc6dcb066"
dependencies = [
 "generic-array",
]

[[package]]
name = "either"
version = "1.6.1"
source = "registry+https://github.com/rust-lang/crates.io-index"
checksum = "e78d4f1cc4ae33bbfc157ed5d5a5ef3bc29227303d595861deb238fcec4e9457"

[[package]]
name = "filecoindot-cli"
version = "0.0.1"
dependencies = [
 "anyhow",
 "filecoindot-proofs",
 "forest_cid",
 "hex",
 "parity-scale-codec",
 "thiserror",
 "type-cli",
]

[[package]]
name = "filecoindot-proofs"
version = "0.1.0"
dependencies = [
 "byteorder",
 "cs_serde_bytes",
 "cs_serde_cbor",
 "forest_cid",
 "forest_db 0.1.0 (git+https://github.com/willeslau/forest?branch=willes/filecoindot)",
 "forest_encoding",
 "forest_hash_utils",
 "forest_ipld",
 "ipld_amt",
 "ipld_blockstore 0.1.1 (git+https://github.com/willeslau/forest?branch=willes/filecoindot)",
 "ipld_hamt",
 "num-traits",
 "once_cell",
 "parking_lot",
 "serde",
 "sha2",
 "thiserror",
]

[[package]]
name = "forest_cid"
version = "0.3.0"
source = "registry+https://github.com/rust-lang/crates.io-index"
checksum = "8e1a935d7f977a7debbc507de2ab7990b834d85e94c819e5268b1adaefd7d434"
dependencies = [
 "cid",
 "cs_serde_bytes",
 "cs_serde_cbor",
 "forest_json_utils",
 "generic-array",
 "integer-encoding",
 "multibase 0.9.1",
 "multihash",
 "serde",
]

[[package]]
name = "forest_db"
version = "0.1.0"
source = "registry+https://github.com/rust-lang/crates.io-index"
checksum = "637464246b3f5554e6d7678cf05d8d76a5cbefe3324cd8c5c5a24c62c379af46"
dependencies = [
 "forest_encoding",
 "parking_lot",
 "thiserror",
]

[[package]]
name = "forest_db"
version = "0.1.0"
source = "git+https://github.com/willeslau/forest?branch=willes/filecoindot#2c207aeff5fe89bd39e52237591fdae795243a9a"
dependencies = [
 "forest_encoding",
 "parking_lot",
 "thiserror",
]

[[package]]
name = "forest_encoding"
version = "0.2.2"
source = "registry+https://github.com/rust-lang/crates.io-index"
checksum = "41c8339c6dc1741c3144ba06cfb0512a2e858bd603be97bff24bf630d91cce7d"
dependencies = [
 "blake2b_simd",
 "cs_serde_bytes",
 "cs_serde_cbor",
 "forest_cid",
 "serde",
 "serde_repr",
 "serde_tuple",
 "thiserror",
]

[[package]]
name = "forest_hash_utils"
version = "0.1.0"
source = "registry+https://github.com/rust-lang/crates.io-index"
checksum = "edb061ad769411763a5d6ae39d596696657472b25a66387fbb0ba8c133bb6575"
dependencies = [
 "cs_serde_bytes",
 "serde",
]

[[package]]
name = "forest_ipld"
version = "0.1.1"
source = "registry+https://github.com/rust-lang/crates.io-index"
checksum = "3a7f6dd22f807768d16d299594f3c4c806d916a1e7461ac1c9bbdd93159272cc"
dependencies = [
 "async-recursion",
 "async-trait",
 "forest_cid",
 "forest_encoding",
 "indexmap",
 "serde",
 "thiserror",
]

[[package]]
name = "forest_json_utils"
version = "0.1.1"
source = "registry+https://github.com/rust-lang/crates.io-index"
checksum = "0da39ba6848c04b22e70520a1339f04f304502a0ebfd4526ea8a566452ea62a8"
dependencies = [
 "serde",
]

[[package]]
name = "funty"
version = "1.1.0"
source = "registry+https://github.com/rust-lang/crates.io-index"
checksum = "fed34cd105917e91daa4da6b3728c47b068749d6a62c59811f06ed2ac71d9da7"

[[package]]
name = "generic-array"
version = "0.14.5"
source = "registry+https://github.com/rust-lang/crates.io-index"
checksum = "fd48d33ec7f05fbfa152300fdad764757cbded343c1aa1cff2fbaf4134851803"
dependencies = [
 "typenum",
 "version_check",
]

[[package]]
name = "half"
version = "1.8.2"
source = "registry+https://github.com/rust-lang/crates.io-index"
checksum = "eabb4a44450da02c90444cf74558da904edde8fb4e9035a9a6a4e15445af0bd7"

[[package]]
name = "hashbrown"
version = "0.11.2"
source = "registry+https://github.com/rust-lang/crates.io-index"
checksum = "ab5ef0d4909ef3724cc8cce6ccc8572c5c817592e9285f5464f8e86f8bd3726e"

[[package]]
name = "hermit-abi"
version = "0.1.19"
source = "registry+https://github.com/rust-lang/crates.io-index"
checksum = "62b467343b94ba476dcb2500d242dadbb39557df889310ac77c5d99100aaac33"
dependencies = [
 "libc",
]

[[package]]
name = "hex"
version = "0.4.3"
source = "registry+https://github.com/rust-lang/crates.io-index"
checksum = "7f24254aa9a54b5c858eaee2f5bccdb46aaf0e486a595ed5fd8f86ba55232a70"

[[package]]
name = "impl-trait-for-tuples"
version = "0.2.1"
source = "registry+https://github.com/rust-lang/crates.io-index"
checksum = "d5dacb10c5b3bb92d46ba347505a9041e676bb20ad220101326bffb0c93031ee"
dependencies = [
 "proc-macro2",
 "quote",
 "syn",
]

[[package]]
name = "indexmap"
version = "1.8.2"
source = "registry+https://github.com/rust-lang/crates.io-index"
checksum = "e6012d540c5baa3589337a98ce73408de9b5a25ec9fc2c6fd6be8f0d39e0ca5a"
dependencies = [
 "autocfg",
 "hashbrown",
 "serde",
]

[[package]]
name = "instant"
version = "0.1.12"
source = "registry+https://github.com/rust-lang/crates.io-index"
checksum = "7a5bbe824c507c5da5956355e86a746d82e0e1464f65d862cc5e71da70e94b2c"
dependencies = [
 "cfg-if",
]

[[package]]
name = "integer-encoding"
version = "2.1.3"
source = "registry+https://github.com/rust-lang/crates.io-index"
checksum = "c27df786dcc3a75ccd134f83ece166af0a1e5785d52b12b7375d0d063e1d5c47"

[[package]]
name = "ipld_amt"
version = "1.0.0"
source = "git+https://github.com/willeslau/forest?branch=willes/filecoindot#2c207aeff5fe89bd39e52237591fdae795243a9a"
dependencies = [
 "forest_cid",
 "forest_db 0.1.0 (registry+https://github.com/rust-lang/crates.io-index)",
 "forest_encoding",
 "ipld_blockstore 0.1.1 (registry+https://github.com/rust-lang/crates.io-index)",
 "itertools",
 "once_cell",
 "serde",
 "thiserror",
]

[[package]]
name = "ipld_blockstore"
version = "0.1.1"
source = "registry+https://github.com/rust-lang/crates.io-index"
checksum = "b00297ec82ec490ef38b5f703413d7fb8b3bdf0e64690a459662a1898afcc11b"
dependencies = [
 "forest_cid",
 "forest_db 0.1.0 (registry+https://github.com/rust-lang/crates.io-index)",
 "forest_encoding",
]

[[package]]
name = "ipld_blockstore"
version = "0.1.1"
source = "git+https://github.com/willeslau/forest?branch=willes/filecoindot#2c207aeff5fe89bd39e52237591fdae795243a9a"
dependencies = [
 "byteorder",
 "dashmap",
 "forest_cid",
 "forest_db 0.1.0 (registry+https://github.com/rust-lang/crates.io-index)",
 "forest_encoding",
]

[[package]]
name = "ipld_hamt"
version = "2.0.0"
source = "git+https://github.com/willeslau/forest?branch=willes/filecoindot#2c207aeff5fe89bd39e52237591fdae795243a9a"
dependencies = [
 "byteorder",
 "cs_serde_bytes",
 "forest_cid",
 "forest_db 0.1.0 (registry+https://github.com/rust-lang/crates.io-index)",
 "forest_encoding",
 "forest_hash_utils",
 "forest_ipld",
 "ipld_blockstore 0.1.1 (registry+https://github.com/rust-lang/crates.io-index)",
 "once_cell",
 "serde",
 "sha2",
 "thiserror",
]

[[package]]
name = "itertools"
version = "0.10.3"
source = "registry+https://github.com/rust-lang/crates.io-index"
checksum = "a9a9d19fa1e79b6215ff29b9d6880b706147f16e9b1dbb1e4e5947b5b02bc5e3"
dependencies = [
 "either",
]

[[package]]
name = "libc"
version = "0.2.126"
source = "registry+https://github.com/rust-lang/crates.io-index"
checksum = "349d5a591cd28b49e1d1037471617a32ddcda5731b99419008085f72d5a53836"

[[package]]
name = "lock_api"
version = "0.4.7"
source = "registry+https://github.com/rust-lang/crates.io-index"
checksum = "327fa5b6a6940e4699ec49a9beae1ea4845c6bab9314e4f84ac68742139d8c53"
dependencies = [
 "autocfg",
 "scopeguard",
]

[[package]]
name = "memchr"
version = "2.4.1"
source = "registry+https://github.com/rust-lang/crates.io-index"
checksum = "308cc39be01b73d0d18f82a0e7b2a3df85245f84af96fdddc5d202d27e47b86a"

[[package]]
name = "multibase"
version = "0.8.0"
source = "registry+https://github.com/rust-lang/crates.io-index"
checksum = "b78c60039650ff12e140ae867ef5299a58e19dded4d334c849dc7177083667e2"
dependencies = [
 "base-x",
 "data-encoding",
 "data-encoding-macro",
]

[[package]]
name = "multibase"
version = "0.9.1"
source = "registry+https://github.com/rust-lang/crates.io-index"
checksum = "9b3539ec3c1f04ac9748a260728e855f261b4977f5c3406612c884564f329404"
dependencies = [
 "base-x",
 "data-encoding",
 "data-encoding-macro",
]

[[package]]
name = "multihash"
version = "0.13.2"
source = "registry+https://github.com/rust-lang/crates.io-index"
checksum = "4dac63698b887d2d929306ea48b63760431ff8a24fac40ddb22f9c7f49fb7cab"
dependencies = [
 "blake2b_simd",
 "generic-array",
 "multihash-derive",
 "unsigned-varint",
]

[[package]]
name = "multihash-derive"
version = "0.7.2"
source = "registry+https://github.com/rust-lang/crates.io-index"
checksum = "424f6e86263cd5294cbd7f1e95746b95aca0e0d66bff31e5a40d6baa87b4aa99"
dependencies = [
 "proc-macro-crate 1.1.3",
 "proc-macro-error",
 "proc-macro2",
 "quote",
 "syn",
 "synstructure",
]

[[package]]
name = "num-traits"
version = "0.2.15"
source = "registry+https://github.com/rust-lang/crates.io-index"
checksum = "578ede34cf02f8924ab9447f50c28075b4d3e5b269972345e7e0372b38c6cdcd"
dependencies = [
 "autocfg",
]

[[package]]
name = "num_cpus"
version = "1.13.1"
source = "registry+https://github.com/rust-lang/crates.io-index"
checksum = "19e64526ebdee182341572e50e9ad03965aa510cd94427a4549448f285e957a1"
dependencies = [
 "hermit-abi",
 "libc",
]

[[package]]
name = "once_cell"
version = "1.12.0"
source = "registry+https://github.com/rust-lang/crates.io-index"
checksum = "7709cef83f0c1f58f666e746a08b21e0085f7440fa6a29cc194d68aac97a4225"

[[package]]
name = "opaque-debug"
version = "0.3.0"
source = "registry+https://github.com/rust-lang/crates.io-index"
checksum = "624a8340c38c1b80fd549087862da4ba43e08858af025b236e509b6649fc13d5"

[[package]]
name = "parity-scale-codec"
version = "2.3.1"
source = "registry+https://github.com/rust-lang/crates.io-index"
checksum = "373b1a4c1338d9cd3d1fa53b3a11bdab5ab6bd80a20f7f7becd76953ae2be909"
dependencies = [
 "arrayvec 0.7.2",
 "bitvec",
 "byte-slice-cast",
 "impl-trait-for-tuples",
 "serde",
]

[[package]]
name = "parking_lot"
version = "0.11.2"
source = "registry+https://github.com/rust-lang/crates.io-index"
checksum = "7d17b78036a60663b797adeaee46f5c9dfebb86948d1255007a1d6be0271ff99"
dependencies = [
 "instant",
 "lock_api",
 "parking_lot_core",
]

[[package]]
name = "parking_lot_core"
version = "0.8.5"
source = "registry+https://github.com/rust-lang/crates.io-index"
checksum = "d76e8e1493bcac0d2766c42737f34458f1c8c50c0d23bcb24ea953affb273216"
dependencies = [
 "cfg-if",
 "instant",
 "libc",
 "redox_syscall",
 "smallvec",
 "winapi",
]

[[package]]
name = "proc-macro-crate"
version = "0.1.5"
source = "registry+https://github.com/rust-lang/crates.io-index"
checksum = "1d6ea3c4595b96363c13943497db34af4460fb474a95c43f4446ad341b8c9785"
dependencies = [
 "toml",
]

[[package]]
name = "proc-macro-crate"
version = "1.1.3"
source = "registry+https://github.com/rust-lang/crates.io-index"
checksum = "e17d47ce914bf4de440332250b0edd23ce48c005f59fab39d3335866b114f11a"
dependencies = [
 "thiserror",
 "toml",
]

[[package]]
name = "proc-macro-error"
version = "1.0.4"
source = "registry+https://github.com/rust-lang/crates.io-index"
checksum = "da25490ff9892aab3fcf7c36f08cfb902dd3e71ca0f9f9517bea02a73a5ce38c"
dependencies = [
 "proc-macro-error-attr",
 "proc-macro2",
 "quote",
 "syn",
 "version_check",
]

[[package]]
name = "proc-macro-error-attr"
version = "1.0.4"
source = "registry+https://github.com/rust-lang/crates.io-index"
checksum = "a1be40180e52ecc98ad80b184934baf3d0d29f979574e439af5a55274b35f869"
dependencies = [
 "proc-macro2",
 "quote",
 "version_check",
]

[[package]]
name = "proc-macro2"
version = "1.0.32"
source = "registry+https://github.com/rust-lang/crates.io-index"
checksum = "ba508cc11742c0dc5c1659771673afbab7a0efab23aa17e854cbab0837ed0b43"
dependencies = [
 "unicode-xid",
]

[[package]]
name = "quote"
version = "1.0.10"
source = "registry+https://github.com/rust-lang/crates.io-index"
checksum = "38bc8cc6a5f2e3655e0899c1b848643b2562f853f114bfec7be120678e3ace05"
dependencies = [
 "proc-macro2",
]

[[package]]
name = "radium"
version = "0.6.2"
source = "registry+https://github.com/rust-lang/crates.io-index"
checksum = "643f8f41a8ebc4c5dc4515c82bb8abd397b527fc20fd681b7c011c2aee5d44fb"

[[package]]
name = "redox_syscall"
version = "0.2.13"
source = "registry+https://github.com/rust-lang/crates.io-index"
checksum = "62f25bc4c7e55e0b0b7a1d43fb893f4fa1361d0abe38b9ce4f323c2adfe6ef42"
dependencies = [
 "bitflags",
]

[[package]]
name = "regex"
version = "1.5.6"
source = "registry+https://github.com/rust-lang/crates.io-index"
checksum = "d83f127d94bdbcda4c8cc2e50f6f84f4b611f69c902699ca385a39c3a75f9ff1"
dependencies = [
 "aho-corasick",
 "memchr",
 "regex-syntax",
]

[[package]]
name = "regex-syntax"
version = "0.6.26"
source = "registry+https://github.com/rust-lang/crates.io-index"
checksum = "49b3de9ec5dc0a3417da371aab17d729997c15010e7fd24ff707773a33bddb64"

[[package]]
name = "scopeguard"
version = "1.1.0"
source = "registry+https://github.com/rust-lang/crates.io-index"
checksum = "d29ab0c6d3fc0ee92fe66e2d99f700eab17a8d57d1c1d3b748380fb20baa78cd"

[[package]]
name = "serde"
version = "1.0.130"
source = "registry+https://github.com/rust-lang/crates.io-index"
checksum = "f12d06de37cf59146fbdecab66aa99f9fe4f78722e3607577a5375d66bd0c913"
dependencies = [
 "serde_derive",
]

[[package]]
name = "serde_derive"
version = "1.0.130"
source = "registry+https://github.com/rust-lang/crates.io-index"
checksum = "d7bc1a1ab1961464eae040d96713baa5a724a8152c1222492465b54322ec508b"
dependencies = [
 "proc-macro2",
 "quote",
 "syn",
]

[[package]]
name = "serde_repr"
version = "0.1.8"
source = "registry+https://github.com/rust-lang/crates.io-index"
checksum = "a2ad84e47328a31223de7fed7a4f5087f2d6ddfe586cf3ca25b7a165bc0a5aed"
dependencies = [
 "proc-macro2",
 "quote",
 "syn",
]

[[package]]
name = "serde_tuple"
version = "0.5.0"
source = "registry+https://github.com/rust-lang/crates.io-index"
checksum = "f4f025b91216f15a2a32aa39669329a475733590a015835d1783549a56d09427"
dependencies = [
 "serde",
 "serde_tuple_macros",
]

[[package]]
name = "serde_tuple_macros"
version = "0.5.0"
source = "registry+https://github.com/rust-lang/crates.io-index"
checksum = "4076151d1a2b688e25aaf236997933c66e18b870d0369f8b248b8ab2be630d7e"
dependencies = [
 "proc-macro2",
 "quote",
 "syn",
]

[[package]]
name = "sha2"
version = "0.9.9"
source = "registry+https://github.com/rust-lang/crates.io-index"
checksum = "4d58a1e1bf39749807d89cf2d98ac2dfa0ff1cb3faa38fbb64dd88ac8013d800"
dependencies = [
 "block-buffer",
 "cfg-if",
 "cpufeatures",
 "digest",
 "opaque-debug",
]

[[package]]
name = "smallvec"
version = "1.8.0"
source = "registry+https://github.com/rust-lang/crates.io-index"
checksum = "f2dd574626839106c320a323308629dcb1acfc96e32a8cba364ddc61ac23ee83"

[[package]]
name = "syn"
version = "1.0.81"
source = "registry+https://github.com/rust-lang/crates.io-index"
checksum = "f2afee18b8beb5a596ecb4a2dce128c719b4ba399d34126b9e4396e3f9860966"
dependencies = [
 "proc-macro2",
 "quote",
 "unicode-xid",
]

[[package]]
name = "synstructure"
version = "0.12.6"
source = "registry+https://github.com/rust-lang/crates.io-index"
checksum = "f36bdaa60a83aca3921b5259d5400cbf5e90fc51931376a9bd4a0eb79aa7210f"
dependencies = [
 "proc-macro2",
 "quote",
 "syn",
 "unicode-xid",
]

[[package]]
name = "tap"
version = "1.0.1"
source = "registry+https://github.com/rust-lang/crates.io-index"
checksum = "55937e1799185b12863d447f42597ed69d9928686b8d88a1df17376a097d8369"

[[package]]
name = "thiserror"
version = "1.0.30"
source = "registry+https://github.com/rust-lang/crates.io-index"
checksum = "854babe52e4df1653706b98fcfc05843010039b406875930a70e4d9644e5c417"
dependencies = [
 "thiserror-impl",
]

[[package]]
name = "thiserror-impl"
version = "1.0.30"
source = "registry+https://github.com/rust-lang/crates.io-index"
checksum = "aa32fd3f627f367fe16f893e2597ae3c05020f8bba2666a4e6ea73d377e5714b"
dependencies = [
 "proc-macro2",
 "quote",
 "syn",
]

[[package]]
name = "toml"
version = "0.5.8"
source = "registry+https://github.com/rust-lang/crates.io-index"
checksum = "a31142970826733df8241ef35dc040ef98c679ab14d7c3e54d827099b3acecaa"
dependencies = [
 "serde",
]

[[package]]
name = "type-cli"
version = "0.0.3"
source = "registry+https://github.com/rust-lang/crates.io-index"
checksum = "e56a19d046a5954383ca084d9a07cb1f6b632b0d244585fd1fb06b4aaf6749bf"
dependencies = [
 "thiserror",
 "type-cli-derive",
]

[[package]]
name = "type-cli-derive"
version = "0.0.1"
source = "registry+https://github.com/rust-lang/crates.io-index"
checksum = "0e3dca4c2a071e67915c29f1761996441566f611229b7ba360a37136e593ce6a"
dependencies = [
 "proc-macro-crate 0.1.5",
 "proc-macro2",
 "quote",
 "regex",
 "syn",
]

[[package]]
name = "typenum"
version = "1.15.0"
source = "registry+https://github.com/rust-lang/crates.io-index"
checksum = "dcf81ac59edc17cc8697ff311e8f5ef2d99fcbd9817b34cec66f90b6c3dfd987"

[[package]]
name = "unicode-xid"
version = "0.2.2"
source = "registry+https://github.com/rust-lang/crates.io-index"
checksum = "8ccb82d61f80a663efe1f787a51b16b5a51e3314d6ac365b08639f52387b33f3"

[[package]]
name = "unsigned-varint"
version = "0.5.1"
source = "registry+https://github.com/rust-lang/crates.io-index"
checksum = "f7fdeedbf205afadfe39ae559b75c3240f24e257d0ca27e85f85cb82aa19ac35"

[[package]]
name = "version_check"
version = "0.9.4"
source = "registry+https://github.com/rust-lang/crates.io-index"
checksum = "49874b5167b65d7193b8aba1567f5c7d93d001cafc34600cee003eda787e483f"

[[package]]
name = "winapi"
version = "0.3.9"
source = "registry+https://github.com/rust-lang/crates.io-index"
checksum = "5c839a674fcd7a98952e593242ea400abe93992746761e38641405d28b00f419"
dependencies = [
 "winapi-i686-pc-windows-gnu",
 "winapi-x86_64-pc-windows-gnu",
]

[[package]]
name = "winapi-i686-pc-windows-gnu"
version = "0.4.0"
source = "registry+https://github.com/rust-lang/crates.io-index"
checksum = "ac3b87c63620426dd9b991e5ce0329eff545bccbbb34f3be09ff6fb6ab51b7b6"

[[package]]
name = "winapi-x86_64-pc-windows-gnu"
version = "0.4.0"
source = "registry+https://github.com/rust-lang/crates.io-index"
checksum = "712e227841d057c1ee1cd2fb22fa7e5a5461ae8e48fa2ca79ec42cfc1931183f"

[[package]]
name = "wyz"
version = "0.2.0"
source = "registry+https://github.com/rust-lang/crates.io-index"
checksum = "85e60b0d1b5f99db2556934e21937020776a5d31520bf169e851ac44e6420214"
